// !$*UTF8*$!
{
	archiveVersion = 1;
	classes = {
	};
	objectVersion = 50;
	objects = {

/* Begin PBXBuildFile section */
		208B0E342286FDE5006954EE /* AppDelegate.swift in Sources */ = {isa = PBXBuildFile; fileRef = 208B0E332286FDE5006954EE /* AppDelegate.swift */; };
		208B0E362286FDE5006954EE /* FirstViewController.swift in Sources */ = {isa = PBXBuildFile; fileRef = 208B0E352286FDE5006954EE /* FirstViewController.swift */; };
		208B0E392286FDE5006954EE /* Main.storyboard in Resources */ = {isa = PBXBuildFile; fileRef = 208B0E372286FDE5006954EE /* Main.storyboard */; };
		208B0E3B2286FDE5006954EE /* Assets.xcassets in Resources */ = {isa = PBXBuildFile; fileRef = 208B0E3A2286FDE5006954EE /* Assets.xcassets */; };
		208B0E3E2286FDE5006954EE /* LaunchScreen.storyboard in Resources */ = {isa = PBXBuildFile; fileRef = 208B0E3C2286FDE5006954EE /* LaunchScreen.storyboard */; };
		208B0E462286FE1E006954EE /* SecondViewController.swift in Sources */ = {isa = PBXBuildFile; fileRef = 208B0E452286FE1E006954EE /* SecondViewController.swift */; };
/* End PBXBuildFile section */

/* Begin PBXFileReference section */
		208B0E302286FDE5006954EE /* 2019-05-11-UserDefault-Study.app */ = {isa = PBXFileReference; explicitFileType = wrapper.application; includeInIndex = 0; path = "2019-05-11-UserDefault-Study.app"; sourceTree = BUILT_PRODUCTS_DIR; };
		208B0E332286FDE5006954EE /* AppDelegate.swift */ = {isa = PBXFileReference; lastKnownFileType = sourcecode.swift; path = AppDelegate.swift; sourceTree = "<group>"; };
		208B0E352286FDE5006954EE /* FirstViewController.swift */ = {isa = PBXFileReference; lastKnownFileType = sourcecode.swift; path = FirstViewController.swift; sourceTree = "<group>"; };
		208B0E382286FDE5006954EE /* Base */ = {isa = PBXFileReference; lastKnownFileType = file.storyboard; name = Base; path = Base.lproj/Main.storyboard; sourceTree = "<group>"; };
		208B0E3A2286FDE5006954EE /* Assets.xcassets */ = {isa = PBXFileReference; lastKnownFileType = folder.assetcatalog; path = Assets.xcassets; sourceTree = "<group>"; };
		208B0E3D2286FDE5006954EE /* Base */ = {isa = PBXFileReference; lastKnownFileType = file.storyboard; name = Base; path = Base.lproj/LaunchScreen.storyboard; sourceTree = "<group>"; };
		208B0E3F2286FDE5006954EE /* Info.plist */ = {isa = PBXFileReference; lastKnownFileType = text.plist.xml; path = Info.plist; sourceTree = "<group>"; };
		208B0E452286FE1E006954EE /* SecondViewController.swift */ = {isa = PBXFileReference; lastKnownFileType = sourcecode.swift; path = SecondViewController.swift; sourceTree = "<group>"; };
/* End PBXFileReference section */

/* Begin PBXFrameworksBuildPhase section */
		208B0E2D2286FDE5006954EE /* Frameworks */ = {
			isa = PBXFrameworksBuildPhase;
			buildActionMask = 2147483647;
			files = (
			);
			runOnlyForDeploymentPostprocessing = 0;
		};
/* End PBXFrameworksBuildPhase section */

/* Begin PBXGroup section */
		208B0E272286FDE5006954EE = {
			isa = PBXGroup;
			children = (
				208B0E322286FDE5006954EE /* 2019-05-11-UserDefault-Study */,
				208B0E312286FDE5006954EE /* Products */,
			);
			sourceTree = "<group>";
		};
		208B0E312286FDE5006954EE /* Products */ = {
			isa = PBXGroup;
			children = (
				208B0E302286FDE5006954EE /* 2019-05-11-UserDefault-Study.app */,
			);
			name = Products;
			sourceTree = "<group>";
		};
		208B0E322286FDE5006954EE /* 2019-05-11-UserDefault-Study */ = {
			isa = PBXGroup;
			children = (
				208B0E332286FDE5006954EE /* AppDelegate.swift */,
				208B0E352286FDE5006954EE /* FirstViewController.swift */,
				208B0E452286FE1E006954EE /* SecondViewController.swift */,
				208B0E372286FDE5006954EE /* Main.storyboard */,
				208B0E3A2286FDE5006954EE /* Assets.xcassets */,
				208B0E3C2286FDE5006954EE /* LaunchScreen.storyboard */,
				208B0E3F2286FDE5006954EE /* Info.plist */,
			);
			path = "2019-05-11-UserDefault-Study";
			sourceTree = "<group>";
		};
/* End PBXGroup section */

/* Begin PBXNativeTarget section */
		208B0E2F2286FDE5006954EE /* 2019-05-11-UserDefault-Study */ = {
			isa = PBXNativeTarget;
			buildConfigurationList = 208B0E422286FDE5006954EE /* Build configuration list for PBXNativeTarget "2019-05-11-UserDefault-Study" */;
			buildPhases = (
				208B0E2C2286FDE5006954EE /* Sources */,
				208B0E2D2286FDE5006954EE /* Frameworks */,
				208B0E2E2286FDE5006954EE /* Resources */,
			);
			buildRules = (
			);
			dependencies = (
			);
			name = "2019-05-11-UserDefault-Study";
			productName = "2019-05-11-UserDefault-Study";
			productReference = 208B0E302286FDE5006954EE /* 2019-05-11-UserDefault-Study.app */;
			productType = "com.apple.product-type.application";
		};
/* End PBXNativeTarget section */

/* Begin PBXProject section */
		208B0E282286FDE5006954EE /* Project object */ = {
			isa = PBXProject;
			attributes = {
				LastSwiftUpdateCheck = 1020;
				LastUpgradeCheck = 1020;
				ORGANIZATIONNAME = VincentGeranium;
				TargetAttributes = {
					208B0E2F2286FDE5006954EE = {
						CreatedOnToolsVersion = 10.2.1;
					};
				};
			};
			buildConfigurationList = 208B0E2B2286FDE5006954EE /* Build configuration list for PBXProject "2019-05-11-UserDefault-Study" */;
			compatibilityVersion = "Xcode 9.3";
			developmentRegion = en;
			hasScannedForEncodings = 0;
			knownRegions = (
				en,
				Base,
			);
			mainGroup = 208B0E272286FDE5006954EE;
			productRefGroup = 208B0E312286FDE5006954EE /* Products */;
			projectDirPath = "";
			projectRoot = "";
			targets = (
				208B0E2F2286FDE5006954EE /* 2019-05-11-UserDefault-Study */,
			);
		};
/* End PBXProject section */

/* Begin PBXResourcesBuildPhase section */
		208B0E2E2286FDE5006954EE /* Resources */ = {
			isa = PBXResourcesBuildPhase;
			buildActionMask = 2147483647;
			files = (
				208B0E3E2286FDE5006954EE /* LaunchScreen.storyboard in Resources */,
				208B0E3B2286FDE5006954EE /* Assets.xcassets in Resources */,
				208B0E392286FDE5006954EE /* Main.storyboard in Resources */,
			);
			runOnlyForDeploymentPostprocessing = 0;
		};
/* End PBXResourcesBuildPhase section */

/* Begin PBXSourcesBuildPhase section */
		208B0E2C2286FDE5006954EE /* Sources */ = {
			isa = PBXSourcesBuildPhase;
			buildActionMask = 2147483647;
			files = (
				208B0E462286FE1E006954EE /* SecondViewController.swift in Sources */,
				208B0E362286FDE5006954EE /* FirstViewController.swift in Sources */,
				208B0E342286FDE5006954EE /* AppDelegate.swift in Sources */,
			);
			runOnlyForDeploymentPostprocessing = 0;
		};
/* End PBXSourcesBuildPhase section */

/* Begin PBXVariantGroup section */
		208B0E372286FDE5006954EE /* Main.storyboard */ = {
			isa = PBXVariantGroup;
			children = (
				208B0E382286FDE5006954EE /* Base */,
			);
			name = Main.storyboard;
			sourceTree = "<group>";
		};
		208B0E3C2286FDE5006954EE /* LaunchScreen.storyboard */ = {
			isa = PBXVariantGroup;
			children = (
				208B0E3D2286FDE5006954EE /* Base */,
			);
			name = LaunchScreen.storyboard;
			sourceTree = "<group>";
		};
/* End PBXVariantGroup section */

/* Begin XCBuildConfiguration section */
		208B0E402286FDE5006954EE /* Debug */ = {
			isa = XCBuildConfiguration;
			buildSettings = {
				ALWAYS_SEARCH_USER_PATHS = NO;
				CLANG_ANALYZER_NONNULL = YES;
				CLANG_ANALYZER_NUMBER_OBJECT_CONVERSION = YES_AGGRESSIVE;
				CLANG_CXX_LANGUAGE_STANDARD = "gnu++14";
				CLANG_CXX_LIBRARY = "libc++";
				CLANG_ENABLE_MODULES = YES;
				CLANG_ENABLE_OBJC_ARC = YES;
				CLANG_ENABLE_OBJC_WEAK = YES;
				CLANG_WARN_BLOCK_CAPTURE_AUTORELEASING = YES;
				CLANG_WARN_BOOL_CONVERSION = YES;
				CLANG_WARN_COMMA = YES;
				CLANG_WARN_CONSTANT_CONVERSION = YES;
				CLANG_WARN_DEPRECATED_OBJC_IMPLEMENTATIONS = YES;
				CLANG_WARN_DIRECT_OBJC_ISA_USAGE = YES_ERROR;
				CLANG_WARN_DOCUMENTATION_COMMENTS = YES;
				CLANG_WARN_EMPTY_BODY = YES;
				CLANG_WARN_ENUM_CONVERSION = YES;
				CLANG_WARN_INFINITE_RECURSION = YES;
				CLANG_WARN_INT_CONVERSION = YES;
				CLANG_WARN_NON_LITERAL_NULL_CONVERSION = YES;
				CLANG_WARN_OBJC_IMPLICIT_RETAIN_SELF = YES;
				CLANG_WARN_OBJC_LITERAL_CONVERSION = YES;
				CLANG_WARN_OBJC_ROOT_CLASS = YES_ERROR;
				CLANG_WARN_RANGE_LOOP_ANALYSIS = YES;
				CLANG_WARN_STRICT_PROTOTYPES = YES;
				CLANG_WARN_SUSPICIOUS_MOVE = YES;
				CLANG_WARN_UNGUARDED_AVAILABILITY = YES_AGGRESSIVE;
				CLANG_WARN_UNREACHABLE_CODE = YES;
				CLANG_WARN__DUPLICATE_METHOD_MATCH = YES;
				CODE_SIGN_IDENTITY = "iPhone Developer";
				COPY_PHASE_STRIP = NO;
				DEBUG_INFORMATION_FORMAT = dwarf;
				ENABLE_STRICT_OBJC_MSGSEND = YES;
				ENABLE_TESTABILITY = YES;
				GCC_C_LANGUAGE_STANDARD = gnu11;
				GCC_DYNAMIC_NO_PIC = NO;
				GCC_NO_COMMON_BLOCKS = YES;
				GCC_OPTIMIZATION_LEVEL = 0;
				GCC_PREPROCESSOR_DEFINITIONS = (
					"DEBUG=1",
					"$(inherited)",
				);
				GCC_WARN_64_TO_32_BIT_CONVERSION = YES;
				GCC_WARN_ABOUT_RETURN_TYPE = YES_ERROR;
				GCC_WARN_UNDECLARED_SELECTOR = YES;
				GCC_WARN_UNINITIALIZED_AUTOS = YES_AGGRESSIVE;
				GCC_WARN_UNUSED_FUNCTION = YES;
				GCC_WARN_UNUSED_VARIABLE = YES;
				IPHONEOS_DEPLOYMENT_TARGET = 12.2;
				MTL_ENABLE_DEBUG_INFO = INCLUDE_SOURCE;
				MTL_FAST_MATH = YES;
				ONLY_ACTIVE_ARCH = YES;
				SDKROOT = iphoneos;
				SWIFT_ACTIVE_COMPILATION_CONDITIONS = DEBUG;
				SWIFT_OPTIMIZATION_LEVEL = "-Onone";
			};
			name = Debug;
		};
		208B0E412286FDE5006954EE /* Release */ = {
			isa = XCBuildConfiguration;
			buildSettings = {
				ALWAYS_SEARCH_USER_PATHS = NO;
				CLANG_ANALYZER_NONNULL = YES;
				CLANG_ANALYZER_NUMBER_OBJECT_CONVERSION = YES_AGGRESSIVE;
				CLANG_CXX_LANGUAGE_STANDARD = "gnu++14";
				CLANG_CXX_LIBRARY = "libc++";
				CLANG_ENABLE_MODULES = YES;
				CLANG_ENABLE_OBJC_ARC = YES;
				CLANG_ENABLE_OBJC_WEAK = YES;
				CLANG_WARN_BLOCK_CAPTURE_AUTORELEASING = YES;
				CLANG_WARN_BOOL_CONVERSION = YES;
				CLANG_WARN_COMMA = YES;
				CLANG_WARN_CONSTANT_CONVERSION = YES;
				CLANG_WARN_DEPRECATED_OBJC_IMPLEMENTATIONS = YES;
				CLANG_WARN_DIRECT_OBJC_ISA_USAGE = YES_ERROR;
				CLANG_WARN_DOCUMENTATION_COMMENTS = YES;
				CLANG_WARN_EMPTY_BODY = YES;
				CLANG_WARN_ENUM_CONVERSION = YES;
				CLANG_WARN_INFINITE_RECURSION = YES;
				CLANG_WARN_INT_CONVERSION = YES;
				CLANG_WARN_NON_LITERAL_NULL_CONVERSION = YES;
				CLANG_WARN_OBJC_IMPLICIT_RETAIN_SELF = YES;
				CLANG_WARN_OBJC_LITERAL_CONVERSION = YES;
				CLANG_WARN_OBJC_ROOT_CLASS = YES_ERROR;
				CLANG_WARN_RANGE_LOOP_ANALYSIS = YES;
				CLANG_WARN_STRICT_PROTOTYPES = YES;
				CLANG_WARN_SUSPICIOUS_MOVE = YES;
				CLANG_WARN_UNGUARDED_AVAILABILITY = YES_AGGRESSIVE;
				CLANG_WARN_UNREACHABLE_CODE = YES;
				CLANG_WARN__DUPLICATE_METHOD_MATCH = YES;
				CODE_SIGN_IDENTITY = "iPhone Developer";
				COPY_PHASE_STRIP = NO;
				DEBUG_INFORMATION_FORMAT = "dwarf-with-dsym";
				ENABLE_NS_ASSERTIONS = NO;
				ENABLE_STRICT_OBJC_MSGSEND = YES;
				GCC_C_LANGUAGE_STANDARD = gnu11;
				GCC_NO_COMMON_BLOCKS = YES;
				GCC_WARN_64_TO_32_BIT_CONVERSION = YES;
				GCC_WARN_ABOUT_RETURN_TYPE = YES_ERROR;
				GCC_WARN_UNDECLARED_SELECTOR = YES;
				GCC_WARN_UNINITIALIZED_AUTOS = YES_AGGRESSIVE;
				GCC_WARN_UNUSED_FUNCTION = YES;
				GCC_WARN_UNUSED_VARIABLE = YES;
				IPHONEOS_DEPLOYMENT_TARGET = 12.2;
				MTL_ENABLE_DEBUG_INFO = NO;
				MTL_FAST_MATH = YES;
				SDKROOT = iphoneos;
				SWIFT_COMPILATION_MODE = wholemodule;
				SWIFT_OPTIMIZATION_LEVEL = "-O";
				VALIDATE_PRODUCT = YES;
			};
			name = Release;
		};
		208B0E432286FDE5006954EE /* Debug */ = {
			isa = XCBuildConfiguration;
			buildSettings = {
				ASSETCATALOG_COMPILER_APPICON_NAME = AppIcon;
				CODE_SIGN_STYLE = Automatic;
				INFOPLIST_FILE = "2019-05-11-UserDefault-Study/Info.plist";
				LD_RUNPATH_SEARCH_PATHS = (
					"$(inherited)",
					"@executable_path/Frameworks",
				);
				PRODUCT_BUNDLE_IDENTIFIER = "com.VincentGeranium.-019-05-11-UserDefault-Study";
				PRODUCT_NAME = "$(TARGET_NAME)";
				SWIFT_VERSION = 5.0;
				TARGETED_DEVICE_FAMILY = "1,2";
			};
			name = Debug;
		};
		208B0E442286FDE5006954EE /* Release */ = {
			isa = XCBuildConfiguration;
			buildSettings = {
				ASSETCATALOG_COMPILER_APPICON_NAME = AppIcon;
				CODE_SIGN_STYLE = Automatic;
				INFOPLIST_FILE = "2019-05-11-UserDefault-Study/Info.plist";
				LD_RUNPATH_SEARCH_PATHS = (
					"$(inherited)",
					"@executable_path/Frameworks",
				);
				PRODUCT_BUNDLE_IDENTIFIER = "com.VincentGeranium.-019-05-11-UserDefault-Study";
				PRODUCT_NAME = "$(TARGET_NAME)";
				SWIFT_VERSION = 5.0;
				TARGETED_DEVICE_FAMILY = "1,2";
			};
			name = Release;
		};
/* End XCBuildConfiguration section */

/* Begin XCConfigurationList section */
		208B0E2B2286FDE5006954EE /* Build configuration list for PBXProject "2019-05-11-UserDefault-Study" */ = {
			isa = XCConfigurationList;
			buildConfigurations = (
				208B0E402286FDE5006954EE /* Debug */,
				208B0E412286FDE5006954EE /* Release */,
			);
			defaultConfigurationIsVisible = 0;
			defaultConfigurationName = Release;
		};
		208B0E422286FDE5006954EE /* Build configuration list for PBXNativeTarget "2019-05-11-UserDefault-Study" */ = {
			isa = XCConfigurationList;
			buildConfigurations = (
				208B0E432286FDE5006954EE /* Debug */,
				208B0E442286FDE5006954EE /* Release */,
			);
			defaultConfigurationIsVisible = 0;
			defaultConfigurationName = Release;
		};
/* End XCConfigurationList section */
	};
	rootObject = 208B0E282286FDE5006954EE /* Project object */;
}
