// !$*UTF8*$!
{
	archiveVersion = 1;
	classes = {
	};
	objectVersion = 50;
	objects = {

/* Begin PBXBuildFile section */
		20D643FF22CF024500D05FD9 /* AppDelegate.swift in Sources */ = {isa = PBXBuildFile; fileRef = 20D643FE22CF024500D05FD9 /* AppDelegate.swift */; };
		20D6440122CF024500D05FD9 /* ListViewController.swift in Sources */ = {isa = PBXBuildFile; fileRef = 20D6440022CF024500D05FD9 /* ListViewController.swift */; };
		20D6440422CF024500D05FD9 /* Main.storyboard in Resources */ = {isa = PBXBuildFile; fileRef = 20D6440222CF024500D05FD9 /* Main.storyboard */; };
		20D6440622CF024500D05FD9 /* Assets.xcassets in Resources */ = {isa = PBXBuildFile; fileRef = 20D6440522CF024500D05FD9 /* Assets.xcassets */; };
		20D6440922CF024500D05FD9 /* LaunchScreen.storyboard in Resources */ = {isa = PBXBuildFile; fileRef = 20D6440722CF024500D05FD9 /* LaunchScreen.storyboard */; };
		20D6441122CF085900D05FD9 /* TableViewBasic.swift in Sources */ = {isa = PBXBuildFile; fileRef = 20D6441022CF085900D05FD9 /* TableViewBasic.swift */; };
/* End PBXBuildFile section */

/* Begin PBXFileReference section */
		20D643FB22CF024500D05FD9 /* TableView-Study.app */ = {isa = PBXFileReference; explicitFileType = wrapper.application; includeInIndex = 0; path = "TableView-Study.app"; sourceTree = BUILT_PRODUCTS_DIR; };
		20D643FE22CF024500D05FD9 /* AppDelegate.swift */ = {isa = PBXFileReference; lastKnownFileType = sourcecode.swift; path = AppDelegate.swift; sourceTree = "<group>"; };
		20D6440022CF024500D05FD9 /* ListViewController.swift */ = {isa = PBXFileReference; lastKnownFileType = sourcecode.swift; path = ListViewController.swift; sourceTree = "<group>"; };
		20D6440322CF024500D05FD9 /* Base */ = {isa = PBXFileReference; lastKnownFileType = file.storyboard; name = Base; path = Base.lproj/Main.storyboard; sourceTree = "<group>"; };
		20D6440522CF024500D05FD9 /* Assets.xcassets */ = {isa = PBXFileReference; lastKnownFileType = folder.assetcatalog; path = Assets.xcassets; sourceTree = "<group>"; };
		20D6440822CF024500D05FD9 /* Base */ = {isa = PBXFileReference; lastKnownFileType = file.storyboard; name = Base; path = Base.lproj/LaunchScreen.storyboard; sourceTree = "<group>"; };
		20D6440A22CF024500D05FD9 /* Info.plist */ = {isa = PBXFileReference; lastKnownFileType = text.plist.xml; path = Info.plist; sourceTree = "<group>"; };
		20D6441022CF085900D05FD9 /* TableViewBasic.swift */ = {isa = PBXFileReference; lastKnownFileType = sourcecode.swift; path = TableViewBasic.swift; sourceTree = "<group>"; };
/* End PBXFileReference section */

/* Begin PBXFrameworksBuildPhase section */
		20D643F822CF024500D05FD9 /* Frameworks */ = {
			isa = PBXFrameworksBuildPhase;
			buildActionMask = 2147483647;
			files = (
			);
			runOnlyForDeploymentPostprocessing = 0;
		};
/* End PBXFrameworksBuildPhase section */

/* Begin PBXGroup section */
		20D643F222CF024500D05FD9 = {
			isa = PBXGroup;
			children = (
				20D643FD22CF024500D05FD9 /* TableView-Study */,
				20D643FC22CF024500D05FD9 /* Products */,
			);
			sourceTree = "<group>";
		};
		20D643FC22CF024500D05FD9 /* Products */ = {
			isa = PBXGroup;
			children = (
				20D643FB22CF024500D05FD9 /* TableView-Study.app */,
			);
			name = Products;
			sourceTree = "<group>";
		};
		20D643FD22CF024500D05FD9 /* TableView-Study */ = {
			isa = PBXGroup;
			children = (
				20D643FE22CF024500D05FD9 /* AppDelegate.swift */,
				20D6440022CF024500D05FD9 /* ListViewController.swift */,
				20D6441022CF085900D05FD9 /* TableViewBasic.swift */,
				20D6440222CF024500D05FD9 /* Main.storyboard */,
				20D6440522CF024500D05FD9 /* Assets.xcassets */,
				20D6440722CF024500D05FD9 /* LaunchScreen.storyboard */,
				20D6440A22CF024500D05FD9 /* Info.plist */,
			);
			path = "TableView-Study";
			sourceTree = "<group>";
		};
/* End PBXGroup section */

/* Begin PBXNativeTarget section */
		20D643FA22CF024500D05FD9 /* TableView-Study */ = {
			isa = PBXNativeTarget;
			buildConfigurationList = 20D6440D22CF024500D05FD9 /* Build configuration list for PBXNativeTarget "TableView-Study" */;
			buildPhases = (
				20D643F722CF024500D05FD9 /* Sources */,
				20D643F822CF024500D05FD9 /* Frameworks */,
				20D643F922CF024500D05FD9 /* Resources */,
			);
			buildRules = (
			);
			dependencies = (
			);
			name = "TableView-Study";
			productName = "TableView-Study";
			productReference = 20D643FB22CF024500D05FD9 /* TableView-Study.app */;
			productType = "com.apple.product-type.application";
		};
/* End PBXNativeTarget section */

/* Begin PBXProject section */
		20D643F322CF024500D05FD9 /* Project object */ = {
			isa = PBXProject;
			attributes = {
				LastSwiftUpdateCheck = 1020;
				LastUpgradeCheck = 1020;
				ORGANIZATIONNAME = VincentGeranium;
				TargetAttributes = {
					20D643FA22CF024500D05FD9 = {
						CreatedOnToolsVersion = 10.2.1;
					};
				};
			};
			buildConfigurationList = 20D643F622CF024500D05FD9 /* Build configuration list for PBXProject "TableView-Study" */;
			compatibilityVersion = "Xcode 9.3";
			developmentRegion = en;
			hasScannedForEncodings = 0;
			knownRegions = (
				en,
				Base,
			);
			mainGroup = 20D643F222CF024500D05FD9;
			productRefGroup = 20D643FC22CF024500D05FD9 /* Products */;
			projectDirPath = "";
			projectRoot = "";
			targets = (
				20D643FA22CF024500D05FD9 /* TableView-Study */,
			);
		};
/* End PBXProject section */

/* Begin PBXResourcesBuildPhase section */
		20D643F922CF024500D05FD9 /* Resources */ = {
			isa = PBXResourcesBuildPhase;
			buildActionMask = 2147483647;
			files = (
				20D6440922CF024500D05FD9 /* LaunchScreen.storyboard in Resources */,
				20D6440622CF024500D05FD9 /* Assets.xcassets in Resources */,
				20D6440422CF024500D05FD9 /* Main.storyboard in Resources */,
			);
			runOnlyForDeploymentPostprocessing = 0;
		};
/* End PBXResourcesBuildPhase section */

/* Begin PBXSourcesBuildPhase section */
		20D643F722CF024500D05FD9 /* Sources */ = {
			isa = PBXSourcesBuildPhase;
			buildActionMask = 2147483647;
			files = (
				20D6440122CF024500D05FD9 /* ListViewController.swift in Sources */,
				20D6441122CF085900D05FD9 /* TableViewBasic.swift in Sources */,
				20D643FF22CF024500D05FD9 /* AppDelegate.swift in Sources */,
			);
			runOnlyForDeploymentPostprocessing = 0;
		};
/* End PBXSourcesBuildPhase section */

/* Begin PBXVariantGroup section */
		20D6440222CF024500D05FD9 /* Main.storyboard */ = {
			isa = PBXVariantGroup;
			children = (
				20D6440322CF024500D05FD9 /* Base */,
			);
			name = Main.storyboard;
			sourceTree = "<group>";
		};
		20D6440722CF024500D05FD9 /* LaunchScreen.storyboard */ = {
			isa = PBXVariantGroup;
			children = (
				20D6440822CF024500D05FD9 /* Base */,
			);
			name = LaunchScreen.storyboard;
			sourceTree = "<group>";
		};
/* End PBXVariantGroup section */

/* Begin XCBuildConfiguration section */
		20D6440B22CF024500D05FD9 /* Debug */ = {
			isa = XCBuildConfiguration;
			buildSettings = {
				ALWAYS_SEARCH_USER_PATHS = NO;
				CLANG_ANALYZER_NONNULL = YES;
				CLANG_ANALYZER_NUMBER_OBJECT_CONVERSION = YES_AGGRESSIVE;
				CLANG_CXX_LANGUAGE_STANDARD = "gnu++14";
				CLANG_CXX_LIBRARY = "libc++";
				CLANG_ENABLE_MODULES = YES;
				CLANG_ENABLE_OBJC_ARC = YES;
				CLANG_ENABLE_OBJC_WEAK = YES;
				CLANG_WARN_BLOCK_CAPTURE_AUTORELEASING = YES;
				CLANG_WARN_BOOL_CONVERSION = YES;
				CLANG_WARN_COMMA = YES;
				CLANG_WARN_CONSTANT_CONVERSION = YES;
				CLANG_WARN_DEPRECATED_OBJC_IMPLEMENTATIONS = YES;
				CLANG_WARN_DIRECT_OBJC_ISA_USAGE = YES_ERROR;
				CLANG_WARN_DOCUMENTATION_COMMENTS = YES;
				CLANG_WARN_EMPTY_BODY = YES;
				CLANG_WARN_ENUM_CONVERSION = YES;
				CLANG_WARN_INFINITE_RECURSION = YES;
				CLANG_WARN_INT_CONVERSION = YES;
				CLANG_WARN_NON_LITERAL_NULL_CONVERSION = YES;
				CLANG_WARN_OBJC_IMPLICIT_RETAIN_SELF = YES;
				CLANG_WARN_OBJC_LITERAL_CONVERSION = YES;
				CLANG_WARN_OBJC_ROOT_CLASS = YES_ERROR;
				CLANG_WARN_RANGE_LOOP_ANALYSIS = YES;
				CLANG_WARN_STRICT_PROTOTYPES = YES;
				CLANG_WARN_SUSPICIOUS_MOVE = YES;
				CLANG_WARN_UNGUARDED_AVAILABILITY = YES_AGGRESSIVE;
				CLANG_WARN_UNREACHABLE_CODE = YES;
				CLANG_WARN__DUPLICATE_METHOD_MATCH = YES;
				CODE_SIGN_IDENTITY = "iPhone Developer";
				COPY_PHASE_STRIP = NO;
				DEBUG_INFORMATION_FORMAT = dwarf;
				ENABLE_STRICT_OBJC_MSGSEND = YES;
				ENABLE_TESTABILITY = YES;
				GCC_C_LANGUAGE_STANDARD = gnu11;
				GCC_DYNAMIC_NO_PIC = NO;
				GCC_NO_COMMON_BLOCKS = YES;
				GCC_OPTIMIZATION_LEVEL = 0;
				GCC_PREPROCESSOR_DEFINITIONS = (
					"DEBUG=1",
					"$(inherited)",
				);
				GCC_WARN_64_TO_32_BIT_CONVERSION = YES;
				GCC_WARN_ABOUT_RETURN_TYPE = YES_ERROR;
				GCC_WARN_UNDECLARED_SELECTOR = YES;
				GCC_WARN_UNINITIALIZED_AUTOS = YES_AGGRESSIVE;
				GCC_WARN_UNUSED_FUNCTION = YES;
				GCC_WARN_UNUSED_VARIABLE = YES;
				IPHONEOS_DEPLOYMENT_TARGET = 12.2;
				MTL_ENABLE_DEBUG_INFO = INCLUDE_SOURCE;
				MTL_FAST_MATH = YES;
				ONLY_ACTIVE_ARCH = YES;
				SDKROOT = iphoneos;
				SWIFT_ACTIVE_COMPILATION_CONDITIONS = DEBUG;
				SWIFT_OPTIMIZATION_LEVEL = "-Onone";
			};
			name = Debug;
		};
		20D6440C22CF024500D05FD9 /* Release */ = {
			isa = XCBuildConfiguration;
			buildSettings = {
				ALWAYS_SEARCH_USER_PATHS = NO;
				CLANG_ANALYZER_NONNULL = YES;
				CLANG_ANALYZER_NUMBER_OBJECT_CONVERSION = YES_AGGRESSIVE;
				CLANG_CXX_LANGUAGE_STANDARD = "gnu++14";
				CLANG_CXX_LIBRARY = "libc++";
				CLANG_ENABLE_MODULES = YES;
				CLANG_ENABLE_OBJC_ARC = YES;
				CLANG_ENABLE_OBJC_WEAK = YES;
				CLANG_WARN_BLOCK_CAPTURE_AUTORELEASING = YES;
				CLANG_WARN_BOOL_CONVERSION = YES;
				CLANG_WARN_COMMA = YES;
				CLANG_WARN_CONSTANT_CONVERSION = YES;
				CLANG_WARN_DEPRECATED_OBJC_IMPLEMENTATIONS = YES;
				CLANG_WARN_DIRECT_OBJC_ISA_USAGE = YES_ERROR;
				CLANG_WARN_DOCUMENTATION_COMMENTS = YES;
				CLANG_WARN_EMPTY_BODY = YES;
				CLANG_WARN_ENUM_CONVERSION = YES;
				CLANG_WARN_INFINITE_RECURSION = YES;
				CLANG_WARN_INT_CONVERSION = YES;
				CLANG_WARN_NON_LITERAL_NULL_CONVERSION = YES;
				CLANG_WARN_OBJC_IMPLICIT_RETAIN_SELF = YES;
				CLANG_WARN_OBJC_LITERAL_CONVERSION = YES;
				CLANG_WARN_OBJC_ROOT_CLASS = YES_ERROR;
				CLANG_WARN_RANGE_LOOP_ANALYSIS = YES;
				CLANG_WARN_STRICT_PROTOTYPES = YES;
				CLANG_WARN_SUSPICIOUS_MOVE = YES;
				CLANG_WARN_UNGUARDED_AVAILABILITY = YES_AGGRESSIVE;
				CLANG_WARN_UNREACHABLE_CODE = YES;
				CLANG_WARN__DUPLICATE_METHOD_MATCH = YES;
				CODE_SIGN_IDENTITY = "iPhone Developer";
				COPY_PHASE_STRIP = NO;
				DEBUG_INFORMATION_FORMAT = "dwarf-with-dsym";
				ENABLE_NS_ASSERTIONS = NO;
				ENABLE_STRICT_OBJC_MSGSEND = YES;
				GCC_C_LANGUAGE_STANDARD = gnu11;
				GCC_NO_COMMON_BLOCKS = YES;
				GCC_WARN_64_TO_32_BIT_CONVERSION = YES;
				GCC_WARN_ABOUT_RETURN_TYPE = YES_ERROR;
				GCC_WARN_UNDECLARED_SELECTOR = YES;
				GCC_WARN_UNINITIALIZED_AUTOS = YES_AGGRESSIVE;
				GCC_WARN_UNUSED_FUNCTION = YES;
				GCC_WARN_UNUSED_VARIABLE = YES;
				IPHONEOS_DEPLOYMENT_TARGET = 12.2;
				MTL_ENABLE_DEBUG_INFO = NO;
				MTL_FAST_MATH = YES;
				SDKROOT = iphoneos;
				SWIFT_COMPILATION_MODE = wholemodule;
				SWIFT_OPTIMIZATION_LEVEL = "-O";
				VALIDATE_PRODUCT = YES;
			};
			name = Release;
		};
		20D6440E22CF024500D05FD9 /* Debug */ = {
			isa = XCBuildConfiguration;
			buildSettings = {
				ASSETCATALOG_COMPILER_APPICON_NAME = AppIcon;
				CODE_SIGN_STYLE = Automatic;
				INFOPLIST_FILE = "TableView-Study/Info.plist";
				LD_RUNPATH_SEARCH_PATHS = (
					"$(inherited)",
					"@executable_path/Frameworks",
				);
				PRODUCT_BUNDLE_IDENTIFIER = "com.VincentGeranium.TableView-Study";
				PRODUCT_NAME = "$(TARGET_NAME)";
				SWIFT_VERSION = 5.0;
				TARGETED_DEVICE_FAMILY = "1,2";
			};
			name = Debug;
		};
		20D6440F22CF024500D05FD9 /* Release */ = {
			isa = XCBuildConfiguration;
			buildSettings = {
				ASSETCATALOG_COMPILER_APPICON_NAME = AppIcon;
				CODE_SIGN_STYLE = Automatic;
				INFOPLIST_FILE = "TableView-Study/Info.plist";
				LD_RUNPATH_SEARCH_PATHS = (
					"$(inherited)",
					"@executable_path/Frameworks",
				);
				PRODUCT_BUNDLE_IDENTIFIER = "com.VincentGeranium.TableView-Study";
				PRODUCT_NAME = "$(TARGET_NAME)";
				SWIFT_VERSION = 5.0;
				TARGETED_DEVICE_FAMILY = "1,2";
			};
			name = Release;
		};
/* End XCBuildConfiguration section */

/* Begin XCConfigurationList section */
		20D643F622CF024500D05FD9 /* Build configuration list for PBXProject "TableView-Study" */ = {
			isa = XCConfigurationList;
			buildConfigurations = (
				20D6440B22CF024500D05FD9 /* Debug */,
				20D6440C22CF024500D05FD9 /* Release */,
			);
			defaultConfigurationIsVisible = 0;
			defaultConfigurationName = Release;
		};
		20D6440D22CF024500D05FD9 /* Build configuration list for PBXNativeTarget "TableView-Study" */ = {
			isa = XCConfigurationList;
			buildConfigurations = (
				20D6440E22CF024500D05FD9 /* Debug */,
				20D6440F22CF024500D05FD9 /* Release */,
			);
			defaultConfigurationIsVisible = 0;
			defaultConfigurationName = Release;
		};
/* End XCConfigurationList section */
	};
	rootObject = 20D643F322CF024500D05FD9 /* Project object */;
}
