// !$*UTF8*$!
{
	archiveVersion = 1;
	classes = {
	};
	objectVersion = 50;
	objects = {

/* Begin PBXBuildFile section */
		207632A2228E6B2600C67861 /* AppDelegate.swift in Sources */ = {isa = PBXBuildFile; fileRef = 207632A1228E6B2600C67861 /* AppDelegate.swift */; };
		207632A4228E6B2600C67861 /* ViewController.swift in Sources */ = {isa = PBXBuildFile; fileRef = 207632A3228E6B2600C67861 /* ViewController.swift */; };
		207632A7228E6B2600C67861 /* Main.storyboard in Resources */ = {isa = PBXBuildFile; fileRef = 207632A5228E6B2600C67861 /* Main.storyboard */; };
		207632A9228E6B2600C67861 /* Assets.xcassets in Resources */ = {isa = PBXBuildFile; fileRef = 207632A8228E6B2600C67861 /* Assets.xcassets */; };
		207632AC228E6B2600C67861 /* LaunchScreen.storyboard in Resources */ = {isa = PBXBuildFile; fileRef = 207632AA228E6B2600C67861 /* LaunchScreen.storyboard */; };
/* End PBXBuildFile section */

/* Begin PBXFileReference section */
		2076329E228E6B2600C67861 /* 2019-05-17-GestureRecognizerAndUIImagePicker.app */ = {isa = PBXFileReference; explicitFileType = wrapper.application; includeInIndex = 0; path = "2019-05-17-GestureRecognizerAndUIImagePicker.app"; sourceTree = BUILT_PRODUCTS_DIR; };
		207632A1228E6B2600C67861 /* AppDelegate.swift */ = {isa = PBXFileReference; lastKnownFileType = sourcecode.swift; path = AppDelegate.swift; sourceTree = "<group>"; };
		207632A3228E6B2600C67861 /* ViewController.swift */ = {isa = PBXFileReference; lastKnownFileType = sourcecode.swift; path = ViewController.swift; sourceTree = "<group>"; };
		207632A6228E6B2600C67861 /* Base */ = {isa = PBXFileReference; lastKnownFileType = file.storyboard; name = Base; path = Base.lproj/Main.storyboard; sourceTree = "<group>"; };
		207632A8228E6B2600C67861 /* Assets.xcassets */ = {isa = PBXFileReference; lastKnownFileType = folder.assetcatalog; path = Assets.xcassets; sourceTree = "<group>"; };
		207632AB228E6B2600C67861 /* Base */ = {isa = PBXFileReference; lastKnownFileType = file.storyboard; name = Base; path = Base.lproj/LaunchScreen.storyboard; sourceTree = "<group>"; };
		207632AD228E6B2600C67861 /* Info.plist */ = {isa = PBXFileReference; lastKnownFileType = text.plist.xml; path = Info.plist; sourceTree = "<group>"; };
/* End PBXFileReference section */

/* Begin PBXFrameworksBuildPhase section */
		2076329B228E6B2600C67861 /* Frameworks */ = {
			isa = PBXFrameworksBuildPhase;
			buildActionMask = 2147483647;
			files = (
			);
			runOnlyForDeploymentPostprocessing = 0;
		};
/* End PBXFrameworksBuildPhase section */

/* Begin PBXGroup section */
		20763295228E6B2600C67861 = {
			isa = PBXGroup;
			children = (
				207632A0228E6B2600C67861 /* 2019-05-17-GestureRecognizerAndUIImagePicker */,
				2076329F228E6B2600C67861 /* Products */,
			);
			sourceTree = "<group>";
		};
		2076329F228E6B2600C67861 /* Products */ = {
			isa = PBXGroup;
			children = (
				2076329E228E6B2600C67861 /* 2019-05-17-GestureRecognizerAndUIImagePicker.app */,
			);
			name = Products;
			sourceTree = "<group>";
		};
		207632A0228E6B2600C67861 /* 2019-05-17-GestureRecognizerAndUIImagePicker */ = {
			isa = PBXGroup;
			children = (
				207632A1228E6B2600C67861 /* AppDelegate.swift */,
				207632A3228E6B2600C67861 /* ViewController.swift */,
				207632A5228E6B2600C67861 /* Main.storyboard */,
				207632A8228E6B2600C67861 /* Assets.xcassets */,
				207632AA228E6B2600C67861 /* LaunchScreen.storyboard */,
				207632AD228E6B2600C67861 /* Info.plist */,
			);
			path = "2019-05-17-GestureRecognizerAndUIImagePicker";
			sourceTree = "<group>";
		};
/* End PBXGroup section */

/* Begin PBXNativeTarget section */
		2076329D228E6B2600C67861 /* 2019-05-17-GestureRecognizerAndUIImagePicker */ = {
			isa = PBXNativeTarget;
			buildConfigurationList = 207632B0228E6B2600C67861 /* Build configuration list for PBXNativeTarget "2019-05-17-GestureRecognizerAndUIImagePicker" */;
			buildPhases = (
				2076329A228E6B2600C67861 /* Sources */,
				2076329B228E6B2600C67861 /* Frameworks */,
				2076329C228E6B2600C67861 /* Resources */,
			);
			buildRules = (
			);
			dependencies = (
			);
			name = "2019-05-17-GestureRecognizerAndUIImagePicker";
			productName = "2019-05-17-GestureRecognizerAndUIImagePicker";
			productReference = 2076329E228E6B2600C67861 /* 2019-05-17-GestureRecognizerAndUIImagePicker.app */;
			productType = "com.apple.product-type.application";
		};
/* End PBXNativeTarget section */

/* Begin PBXProject section */
		20763296228E6B2600C67861 /* Project object */ = {
			isa = PBXProject;
			attributes = {
				LastSwiftUpdateCheck = 1020;
				LastUpgradeCheck = 1020;
				ORGANIZATIONNAME = VincentGeranium;
				TargetAttributes = {
					2076329D228E6B2600C67861 = {
						CreatedOnToolsVersion = 10.2.1;
					};
				};
			};
			buildConfigurationList = 20763299228E6B2600C67861 /* Build configuration list for PBXProject "2019-05-17-GestureRecognizerAndUIImagePicker" */;
			compatibilityVersion = "Xcode 9.3";
			developmentRegion = en;
			hasScannedForEncodings = 0;
			knownRegions = (
				en,
				Base,
			);
			mainGroup = 20763295228E6B2600C67861;
			productRefGroup = 2076329F228E6B2600C67861 /* Products */;
			projectDirPath = "";
			projectRoot = "";
			targets = (
				2076329D228E6B2600C67861 /* 2019-05-17-GestureRecognizerAndUIImagePicker */,
			);
		};
/* End PBXProject section */

/* Begin PBXResourcesBuildPhase section */
		2076329C228E6B2600C67861 /* Resources */ = {
			isa = PBXResourcesBuildPhase;
			buildActionMask = 2147483647;
			files = (
				207632AC228E6B2600C67861 /* LaunchScreen.storyboard in Resources */,
				207632A9228E6B2600C67861 /* Assets.xcassets in Resources */,
				207632A7228E6B2600C67861 /* Main.storyboard in Resources */,
			);
			runOnlyForDeploymentPostprocessing = 0;
		};
/* End PBXResourcesBuildPhase section */

/* Begin PBXSourcesBuildPhase section */
		2076329A228E6B2600C67861 /* Sources */ = {
			isa = PBXSourcesBuildPhase;
			buildActionMask = 2147483647;
			files = (
				207632A4228E6B2600C67861 /* ViewController.swift in Sources */,
				207632A2228E6B2600C67861 /* AppDelegate.swift in Sources */,
			);
			runOnlyForDeploymentPostprocessing = 0;
		};
/* End PBXSourcesBuildPhase section */

/* Begin PBXVariantGroup section */
		207632A5228E6B2600C67861 /* Main.storyboard */ = {
			isa = PBXVariantGroup;
			children = (
				207632A6228E6B2600C67861 /* Base */,
			);
			name = Main.storyboard;
			sourceTree = "<group>";
		};
		207632AA228E6B2600C67861 /* LaunchScreen.storyboard */ = {
			isa = PBXVariantGroup;
			children = (
				207632AB228E6B2600C67861 /* Base */,
			);
			name = LaunchScreen.storyboard;
			sourceTree = "<group>";
		};
/* End PBXVariantGroup section */

/* Begin XCBuildConfiguration section */
		207632AE228E6B2600C67861 /* Debug */ = {
			isa = XCBuildConfiguration;
			buildSettings = {
				ALWAYS_SEARCH_USER_PATHS = NO;
				CLANG_ANALYZER_NONNULL = YES;
				CLANG_ANALYZER_NUMBER_OBJECT_CONVERSION = YES_AGGRESSIVE;
				CLANG_CXX_LANGUAGE_STANDARD = "gnu++14";
				CLANG_CXX_LIBRARY = "libc++";
				CLANG_ENABLE_MODULES = YES;
				CLANG_ENABLE_OBJC_ARC = YES;
				CLANG_ENABLE_OBJC_WEAK = YES;
				CLANG_WARN_BLOCK_CAPTURE_AUTORELEASING = YES;
				CLANG_WARN_BOOL_CONVERSION = YES;
				CLANG_WARN_COMMA = YES;
				CLANG_WARN_CONSTANT_CONVERSION = YES;
				CLANG_WARN_DEPRECATED_OBJC_IMPLEMENTATIONS = YES;
				CLANG_WARN_DIRECT_OBJC_ISA_USAGE = YES_ERROR;
				CLANG_WARN_DOCUMENTATION_COMMENTS = YES;
				CLANG_WARN_EMPTY_BODY = YES;
				CLANG_WARN_ENUM_CONVERSION = YES;
				CLANG_WARN_INFINITE_RECURSION = YES;
				CLANG_WARN_INT_CONVERSION = YES;
				CLANG_WARN_NON_LITERAL_NULL_CONVERSION = YES;
				CLANG_WARN_OBJC_IMPLICIT_RETAIN_SELF = YES;
				CLANG_WARN_OBJC_LITERAL_CONVERSION = YES;
				CLANG_WARN_OBJC_ROOT_CLASS = YES_ERROR;
				CLANG_WARN_RANGE_LOOP_ANALYSIS = YES;
				CLANG_WARN_STRICT_PROTOTYPES = YES;
				CLANG_WARN_SUSPICIOUS_MOVE = YES;
				CLANG_WARN_UNGUARDED_AVAILABILITY = YES_AGGRESSIVE;
				CLANG_WARN_UNREACHABLE_CODE = YES;
				CLANG_WARN__DUPLICATE_METHOD_MATCH = YES;
				CODE_SIGN_IDENTITY = "iPhone Developer";
				COPY_PHASE_STRIP = NO;
				DEBUG_INFORMATION_FORMAT = dwarf;
				ENABLE_STRICT_OBJC_MSGSEND = YES;
				ENABLE_TESTABILITY = YES;
				GCC_C_LANGUAGE_STANDARD = gnu11;
				GCC_DYNAMIC_NO_PIC = NO;
				GCC_NO_COMMON_BLOCKS = YES;
				GCC_OPTIMIZATION_LEVEL = 0;
				GCC_PREPROCESSOR_DEFINITIONS = (
					"DEBUG=1",
					"$(inherited)",
				);
				GCC_WARN_64_TO_32_BIT_CONVERSION = YES;
				GCC_WARN_ABOUT_RETURN_TYPE = YES_ERROR;
				GCC_WARN_UNDECLARED_SELECTOR = YES;
				GCC_WARN_UNINITIALIZED_AUTOS = YES_AGGRESSIVE;
				GCC_WARN_UNUSED_FUNCTION = YES;
				GCC_WARN_UNUSED_VARIABLE = YES;
				IPHONEOS_DEPLOYMENT_TARGET = 12.2;
				MTL_ENABLE_DEBUG_INFO = INCLUDE_SOURCE;
				MTL_FAST_MATH = YES;
				ONLY_ACTIVE_ARCH = YES;
				SDKROOT = iphoneos;
				SWIFT_ACTIVE_COMPILATION_CONDITIONS = DEBUG;
				SWIFT_OPTIMIZATION_LEVEL = "-Onone";
			};
			name = Debug;
		};
		207632AF228E6B2600C67861 /* Release */ = {
			isa = XCBuildConfiguration;
			buildSettings = {
				ALWAYS_SEARCH_USER_PATHS = NO;
				CLANG_ANALYZER_NONNULL = YES;
				CLANG_ANALYZER_NUMBER_OBJECT_CONVERSION = YES_AGGRESSIVE;
				CLANG_CXX_LANGUAGE_STANDARD = "gnu++14";
				CLANG_CXX_LIBRARY = "libc++";
				CLANG_ENABLE_MODULES = YES;
				CLANG_ENABLE_OBJC_ARC = YES;
				CLANG_ENABLE_OBJC_WEAK = YES;
				CLANG_WARN_BLOCK_CAPTURE_AUTORELEASING = YES;
				CLANG_WARN_BOOL_CONVERSION = YES;
				CLANG_WARN_COMMA = YES;
				CLANG_WARN_CONSTANT_CONVERSION = YES;
				CLANG_WARN_DEPRECATED_OBJC_IMPLEMENTATIONS = YES;
				CLANG_WARN_DIRECT_OBJC_ISA_USAGE = YES_ERROR;
				CLANG_WARN_DOCUMENTATION_COMMENTS = YES;
				CLANG_WARN_EMPTY_BODY = YES;
				CLANG_WARN_ENUM_CONVERSION = YES;
				CLANG_WARN_INFINITE_RECURSION = YES;
				CLANG_WARN_INT_CONVERSION = YES;
				CLANG_WARN_NON_LITERAL_NULL_CONVERSION = YES;
				CLANG_WARN_OBJC_IMPLICIT_RETAIN_SELF = YES;
				CLANG_WARN_OBJC_LITERAL_CONVERSION = YES;
				CLANG_WARN_OBJC_ROOT_CLASS = YES_ERROR;
				CLANG_WARN_RANGE_LOOP_ANALYSIS = YES;
				CLANG_WARN_STRICT_PROTOTYPES = YES;
				CLANG_WARN_SUSPICIOUS_MOVE = YES;
				CLANG_WARN_UNGUARDED_AVAILABILITY = YES_AGGRESSIVE;
				CLANG_WARN_UNREACHABLE_CODE = YES;
				CLANG_WARN__DUPLICATE_METHOD_MATCH = YES;
				CODE_SIGN_IDENTITY = "iPhone Developer";
				COPY_PHASE_STRIP = NO;
				DEBUG_INFORMATION_FORMAT = "dwarf-with-dsym";
				ENABLE_NS_ASSERTIONS = NO;
				ENABLE_STRICT_OBJC_MSGSEND = YES;
				GCC_C_LANGUAGE_STANDARD = gnu11;
				GCC_NO_COMMON_BLOCKS = YES;
				GCC_WARN_64_TO_32_BIT_CONVERSION = YES;
				GCC_WARN_ABOUT_RETURN_TYPE = YES_ERROR;
				GCC_WARN_UNDECLARED_SELECTOR = YES;
				GCC_WARN_UNINITIALIZED_AUTOS = YES_AGGRESSIVE;
				GCC_WARN_UNUSED_FUNCTION = YES;
				GCC_WARN_UNUSED_VARIABLE = YES;
				IPHONEOS_DEPLOYMENT_TARGET = 12.2;
				MTL_ENABLE_DEBUG_INFO = NO;
				MTL_FAST_MATH = YES;
				SDKROOT = iphoneos;
				SWIFT_COMPILATION_MODE = wholemodule;
				SWIFT_OPTIMIZATION_LEVEL = "-O";
				VALIDATE_PRODUCT = YES;
			};
			name = Release;
		};
		207632B1228E6B2600C67861 /* Debug */ = {
			isa = XCBuildConfiguration;
			buildSettings = {
				ASSETCATALOG_COMPILER_APPICON_NAME = AppIcon;
				CODE_SIGN_STYLE = Automatic;
				INFOPLIST_FILE = "2019-05-17-GestureRecognizerAndUIImagePicker/Info.plist";
				LD_RUNPATH_SEARCH_PATHS = (
					"$(inherited)",
					"@executable_path/Frameworks",
				);
				PRODUCT_BUNDLE_IDENTIFIER = "com.VincentGeranium.-019-05-17-GestureRecognizerAndUIImagePicker";
				PRODUCT_NAME = "$(TARGET_NAME)";
				SWIFT_VERSION = 5.0;
				TARGETED_DEVICE_FAMILY = "1,2";
			};
			name = Debug;
		};
		207632B2228E6B2600C67861 /* Release */ = {
			isa = XCBuildConfiguration;
			buildSettings = {
				ASSETCATALOG_COMPILER_APPICON_NAME = AppIcon;
				CODE_SIGN_STYLE = Automatic;
				INFOPLIST_FILE = "2019-05-17-GestureRecognizerAndUIImagePicker/Info.plist";
				LD_RUNPATH_SEARCH_PATHS = (
					"$(inherited)",
					"@executable_path/Frameworks",
				);
				PRODUCT_BUNDLE_IDENTIFIER = "com.VincentGeranium.-019-05-17-GestureRecognizerAndUIImagePicker";
				PRODUCT_NAME = "$(TARGET_NAME)";
				SWIFT_VERSION = 5.0;
				TARGETED_DEVICE_FAMILY = "1,2";
			};
			name = Release;
		};
/* End XCBuildConfiguration section */

/* Begin XCConfigurationList section */
		20763299228E6B2600C67861 /* Build configuration list for PBXProject "2019-05-17-GestureRecognizerAndUIImagePicker" */ = {
			isa = XCConfigurationList;
			buildConfigurations = (
				207632AE228E6B2600C67861 /* Debug */,
				207632AF228E6B2600C67861 /* Release */,
			);
			defaultConfigurationIsVisible = 0;
			defaultConfigurationName = Release;
		};
		207632B0228E6B2600C67861 /* Build configuration list for PBXNativeTarget "2019-05-17-GestureRecognizerAndUIImagePicker" */ = {
			isa = XCConfigurationList;
			buildConfigurations = (
				207632B1228E6B2600C67861 /* Debug */,
				207632B2228E6B2600C67861 /* Release */,
			);
			defaultConfigurationIsVisible = 0;
			defaultConfigurationName = Release;
		};
/* End XCConfigurationList section */
	};
	rootObject = 20763296228E6B2600C67861 /* Project object */;
}
