// !$*UTF8*$!
{
	archiveVersion = 1;
	classes = {
	};
	objectVersion = 50;
	objects = {

/* Begin PBXBuildFile section */
		20143668238EB43E00C11A2C /* AppDelegate.swift in Sources */ = {isa = PBXBuildFile; fileRef = 20143667238EB43E00C11A2C /* AppDelegate.swift */; };
		2014366A238EB43E00C11A2C /* SceneDelegate.swift in Sources */ = {isa = PBXBuildFile; fileRef = 20143669238EB43E00C11A2C /* SceneDelegate.swift */; };
		2014366C238EB43E00C11A2C /* ViewController.swift in Sources */ = {isa = PBXBuildFile; fileRef = 2014366B238EB43E00C11A2C /* ViewController.swift */; };
		2014366F238EB43E00C11A2C /* Main.storyboard in Resources */ = {isa = PBXBuildFile; fileRef = 2014366D238EB43E00C11A2C /* Main.storyboard */; };
		20143671238EB43F00C11A2C /* Assets.xcassets in Resources */ = {isa = PBXBuildFile; fileRef = 20143670238EB43F00C11A2C /* Assets.xcassets */; };
		20143674238EB43F00C11A2C /* LaunchScreen.storyboard in Resources */ = {isa = PBXBuildFile; fileRef = 20143672238EB43F00C11A2C /* LaunchScreen.storyboard */; };
		2014367C238EC83D00C11A2C /* CustomTableViewCell.swift in Sources */ = {isa = PBXBuildFile; fileRef = 2014367B238EC83D00C11A2C /* CustomTableViewCell.swift */; };
/* End PBXBuildFile section */

/* Begin PBXFileReference section */
		20143664238EB43E00C11A2C /* TableViewSharkExample.app */ = {isa = PBXFileReference; explicitFileType = wrapper.application; includeInIndex = 0; path = TableViewSharkExample.app; sourceTree = BUILT_PRODUCTS_DIR; };
		20143667238EB43E00C11A2C /* AppDelegate.swift */ = {isa = PBXFileReference; lastKnownFileType = sourcecode.swift; path = AppDelegate.swift; sourceTree = "<group>"; };
		20143669238EB43E00C11A2C /* SceneDelegate.swift */ = {isa = PBXFileReference; lastKnownFileType = sourcecode.swift; path = SceneDelegate.swift; sourceTree = "<group>"; };
		2014366B238EB43E00C11A2C /* ViewController.swift */ = {isa = PBXFileReference; lastKnownFileType = sourcecode.swift; path = ViewController.swift; sourceTree = "<group>"; };
		2014366E238EB43E00C11A2C /* Base */ = {isa = PBXFileReference; lastKnownFileType = file.storyboard; name = Base; path = Base.lproj/Main.storyboard; sourceTree = "<group>"; };
		20143670238EB43F00C11A2C /* Assets.xcassets */ = {isa = PBXFileReference; lastKnownFileType = folder.assetcatalog; path = Assets.xcassets; sourceTree = "<group>"; };
		20143673238EB43F00C11A2C /* Base */ = {isa = PBXFileReference; lastKnownFileType = file.storyboard; name = Base; path = Base.lproj/LaunchScreen.storyboard; sourceTree = "<group>"; };
		20143675238EB43F00C11A2C /* Info.plist */ = {isa = PBXFileReference; lastKnownFileType = text.plist.xml; path = Info.plist; sourceTree = "<group>"; };
		2014367B238EC83D00C11A2C /* CustomTableViewCell.swift */ = {isa = PBXFileReference; lastKnownFileType = sourcecode.swift; path = CustomTableViewCell.swift; sourceTree = "<group>"; };
/* End PBXFileReference section */

/* Begin PBXFrameworksBuildPhase section */
		20143661238EB43E00C11A2C /* Frameworks */ = {
			isa = PBXFrameworksBuildPhase;
			buildActionMask = 2147483647;
			files = (
			);
			runOnlyForDeploymentPostprocessing = 0;
		};
/* End PBXFrameworksBuildPhase section */

/* Begin PBXGroup section */
		2014365B238EB43E00C11A2C = {
			isa = PBXGroup;
			children = (
				20143666238EB43E00C11A2C /* TableViewSharkExample */,
				20143665238EB43E00C11A2C /* Products */,
			);
			sourceTree = "<group>";
		};
		20143665238EB43E00C11A2C /* Products */ = {
			isa = PBXGroup;
			children = (
				20143664238EB43E00C11A2C /* TableViewSharkExample.app */,
			);
			name = Products;
			sourceTree = "<group>";
		};
		20143666238EB43E00C11A2C /* TableViewSharkExample */ = {
			isa = PBXGroup;
			children = (
				20143667238EB43E00C11A2C /* AppDelegate.swift */,
				20143669238EB43E00C11A2C /* SceneDelegate.swift */,
				2014366B238EB43E00C11A2C /* ViewController.swift */,
				2014367B238EC83D00C11A2C /* CustomTableViewCell.swift */,
				2014366D238EB43E00C11A2C /* Main.storyboard */,
				20143670238EB43F00C11A2C /* Assets.xcassets */,
				20143672238EB43F00C11A2C /* LaunchScreen.storyboard */,
				20143675238EB43F00C11A2C /* Info.plist */,
			);
			path = TableViewSharkExample;
			sourceTree = "<group>";
		};
/* End PBXGroup section */

/* Begin PBXNativeTarget section */
		20143663238EB43E00C11A2C /* TableViewSharkExample */ = {
			isa = PBXNativeTarget;
			buildConfigurationList = 20143678238EB43F00C11A2C /* Build configuration list for PBXNativeTarget "TableViewSharkExample" */;
			buildPhases = (
				20143660238EB43E00C11A2C /* Sources */,
				20143661238EB43E00C11A2C /* Frameworks */,
				20143662238EB43E00C11A2C /* Resources */,
			);
			buildRules = (
			);
			dependencies = (
			);
			name = TableViewSharkExample;
			productName = TableViewSharkExample;
			productReference = 20143664238EB43E00C11A2C /* TableViewSharkExample.app */;
			productType = "com.apple.product-type.application";
		};
/* End PBXNativeTarget section */

/* Begin PBXProject section */
		2014365C238EB43E00C11A2C /* Project object */ = {
			isa = PBXProject;
			attributes = {
				LastSwiftUpdateCheck = 1120;
				LastUpgradeCheck = 1120;
				ORGANIZATIONNAME = VincentGeranium;
				TargetAttributes = {
					20143663238EB43E00C11A2C = {
						CreatedOnToolsVersion = 11.2.1;
					};
				};
			};
			buildConfigurationList = 2014365F238EB43E00C11A2C /* Build configuration list for PBXProject "TableViewSharkExample" */;
			compatibilityVersion = "Xcode 9.3";
			developmentRegion = en;
			hasScannedForEncodings = 0;
			knownRegions = (
				en,
				Base,
			);
			mainGroup = 2014365B238EB43E00C11A2C;
			productRefGroup = 20143665238EB43E00C11A2C /* Products */;
			projectDirPath = "";
			projectRoot = "";
			targets = (
				20143663238EB43E00C11A2C /* TableViewSharkExample */,
			);
		};
/* End PBXProject section */

/* Begin PBXResourcesBuildPhase section */
		20143662238EB43E00C11A2C /* Resources */ = {
			isa = PBXResourcesBuildPhase;
			buildActionMask = 2147483647;
			files = (
				20143674238EB43F00C11A2C /* LaunchScreen.storyboard in Resources */,
				20143671238EB43F00C11A2C /* Assets.xcassets in Resources */,
				2014366F238EB43E00C11A2C /* Main.storyboard in Resources */,
			);
			runOnlyForDeploymentPostprocessing = 0;
		};
/* End PBXResourcesBuildPhase section */

/* Begin PBXSourcesBuildPhase section */
		20143660238EB43E00C11A2C /* Sources */ = {
			isa = PBXSourcesBuildPhase;
			buildActionMask = 2147483647;
			files = (
				2014366C238EB43E00C11A2C /* ViewController.swift in Sources */,
				20143668238EB43E00C11A2C /* AppDelegate.swift in Sources */,
				2014367C238EC83D00C11A2C /* CustomTableViewCell.swift in Sources */,
				2014366A238EB43E00C11A2C /* SceneDelegate.swift in Sources */,
			);
			runOnlyForDeploymentPostprocessing = 0;
		};
/* End PBXSourcesBuildPhase section */

/* Begin PBXVariantGroup section */
		2014366D238EB43E00C11A2C /* Main.storyboard */ = {
			isa = PBXVariantGroup;
			children = (
				2014366E238EB43E00C11A2C /* Base */,
			);
			name = Main.storyboard;
			sourceTree = "<group>";
		};
		20143672238EB43F00C11A2C /* LaunchScreen.storyboard */ = {
			isa = PBXVariantGroup;
			children = (
				20143673238EB43F00C11A2C /* Base */,
			);
			name = LaunchScreen.storyboard;
			sourceTree = "<group>";
		};
/* End PBXVariantGroup section */

/* Begin XCBuildConfiguration section */
		20143676238EB43F00C11A2C /* Debug */ = {
			isa = XCBuildConfiguration;
			buildSettings = {
				ALWAYS_SEARCH_USER_PATHS = NO;
				CLANG_ANALYZER_NONNULL = YES;
				CLANG_ANALYZER_NUMBER_OBJECT_CONVERSION = YES_AGGRESSIVE;
				CLANG_CXX_LANGUAGE_STANDARD = "gnu++14";
				CLANG_CXX_LIBRARY = "libc++";
				CLANG_ENABLE_MODULES = YES;
				CLANG_ENABLE_OBJC_ARC = YES;
				CLANG_ENABLE_OBJC_WEAK = YES;
				CLANG_WARN_BLOCK_CAPTURE_AUTORELEASING = YES;
				CLANG_WARN_BOOL_CONVERSION = YES;
				CLANG_WARN_COMMA = YES;
				CLANG_WARN_CONSTANT_CONVERSION = YES;
				CLANG_WARN_DEPRECATED_OBJC_IMPLEMENTATIONS = YES;
				CLANG_WARN_DIRECT_OBJC_ISA_USAGE = YES_ERROR;
				CLANG_WARN_DOCUMENTATION_COMMENTS = YES;
				CLANG_WARN_EMPTY_BODY = YES;
				CLANG_WARN_ENUM_CONVERSION = YES;
				CLANG_WARN_INFINITE_RECURSION = YES;
				CLANG_WARN_INT_CONVERSION = YES;
				CLANG_WARN_NON_LITERAL_NULL_CONVERSION = YES;
				CLANG_WARN_OBJC_IMPLICIT_RETAIN_SELF = YES;
				CLANG_WARN_OBJC_LITERAL_CONVERSION = YES;
				CLANG_WARN_OBJC_ROOT_CLASS = YES_ERROR;
				CLANG_WARN_RANGE_LOOP_ANALYSIS = YES;
				CLANG_WARN_STRICT_PROTOTYPES = YES;
				CLANG_WARN_SUSPICIOUS_MOVE = YES;
				CLANG_WARN_UNGUARDED_AVAILABILITY = YES_AGGRESSIVE;
				CLANG_WARN_UNREACHABLE_CODE = YES;
				CLANG_WARN__DUPLICATE_METHOD_MATCH = YES;
				COPY_PHASE_STRIP = NO;
				DEBUG_INFORMATION_FORMAT = dwarf;
				ENABLE_STRICT_OBJC_MSGSEND = YES;
				ENABLE_TESTABILITY = YES;
				GCC_C_LANGUAGE_STANDARD = gnu11;
				GCC_DYNAMIC_NO_PIC = NO;
				GCC_NO_COMMON_BLOCKS = YES;
				GCC_OPTIMIZATION_LEVEL = 0;
				GCC_PREPROCESSOR_DEFINITIONS = (
					"DEBUG=1",
					"$(inherited)",
				);
				GCC_WARN_64_TO_32_BIT_CONVERSION = YES;
				GCC_WARN_ABOUT_RETURN_TYPE = YES_ERROR;
				GCC_WARN_UNDECLARED_SELECTOR = YES;
				GCC_WARN_UNINITIALIZED_AUTOS = YES_AGGRESSIVE;
				GCC_WARN_UNUSED_FUNCTION = YES;
				GCC_WARN_UNUSED_VARIABLE = YES;
				IPHONEOS_DEPLOYMENT_TARGET = 13.2;
				MTL_ENABLE_DEBUG_INFO = INCLUDE_SOURCE;
				MTL_FAST_MATH = YES;
				ONLY_ACTIVE_ARCH = YES;
				SDKROOT = iphoneos;
				SWIFT_ACTIVE_COMPILATION_CONDITIONS = DEBUG;
				SWIFT_OPTIMIZATION_LEVEL = "-Onone";
			};
			name = Debug;
		};
		20143677238EB43F00C11A2C /* Release */ = {
			isa = XCBuildConfiguration;
			buildSettings = {
				ALWAYS_SEARCH_USER_PATHS = NO;
				CLANG_ANALYZER_NONNULL = YES;
				CLANG_ANALYZER_NUMBER_OBJECT_CONVERSION = YES_AGGRESSIVE;
				CLANG_CXX_LANGUAGE_STANDARD = "gnu++14";
				CLANG_CXX_LIBRARY = "libc++";
				CLANG_ENABLE_MODULES = YES;
				CLANG_ENABLE_OBJC_ARC = YES;
				CLANG_ENABLE_OBJC_WEAK = YES;
				CLANG_WARN_BLOCK_CAPTURE_AUTORELEASING = YES;
				CLANG_WARN_BOOL_CONVERSION = YES;
				CLANG_WARN_COMMA = YES;
				CLANG_WARN_CONSTANT_CONVERSION = YES;
				CLANG_WARN_DEPRECATED_OBJC_IMPLEMENTATIONS = YES;
				CLANG_WARN_DIRECT_OBJC_ISA_USAGE = YES_ERROR;
				CLANG_WARN_DOCUMENTATION_COMMENTS = YES;
				CLANG_WARN_EMPTY_BODY = YES;
				CLANG_WARN_ENUM_CONVERSION = YES;
				CLANG_WARN_INFINITE_RECURSION = YES;
				CLANG_WARN_INT_CONVERSION = YES;
				CLANG_WARN_NON_LITERAL_NULL_CONVERSION = YES;
				CLANG_WARN_OBJC_IMPLICIT_RETAIN_SELF = YES;
				CLANG_WARN_OBJC_LITERAL_CONVERSION = YES;
				CLANG_WARN_OBJC_ROOT_CLASS = YES_ERROR;
				CLANG_WARN_RANGE_LOOP_ANALYSIS = YES;
				CLANG_WARN_STRICT_PROTOTYPES = YES;
				CLANG_WARN_SUSPICIOUS_MOVE = YES;
				CLANG_WARN_UNGUARDED_AVAILABILITY = YES_AGGRESSIVE;
				CLANG_WARN_UNREACHABLE_CODE = YES;
				CLANG_WARN__DUPLICATE_METHOD_MATCH = YES;
				COPY_PHASE_STRIP = NO;
				DEBUG_INFORMATION_FORMAT = "dwarf-with-dsym";
				ENABLE_NS_ASSERTIONS = NO;
				ENABLE_STRICT_OBJC_MSGSEND = YES;
				GCC_C_LANGUAGE_STANDARD = gnu11;
				GCC_NO_COMMON_BLOCKS = YES;
				GCC_WARN_64_TO_32_BIT_CONVERSION = YES;
				GCC_WARN_ABOUT_RETURN_TYPE = YES_ERROR;
				GCC_WARN_UNDECLARED_SELECTOR = YES;
				GCC_WARN_UNINITIALIZED_AUTOS = YES_AGGRESSIVE;
				GCC_WARN_UNUSED_FUNCTION = YES;
				GCC_WARN_UNUSED_VARIABLE = YES;
				IPHONEOS_DEPLOYMENT_TARGET = 13.2;
				MTL_ENABLE_DEBUG_INFO = NO;
				MTL_FAST_MATH = YES;
				SDKROOT = iphoneos;
				SWIFT_COMPILATION_MODE = wholemodule;
				SWIFT_OPTIMIZATION_LEVEL = "-O";
				VALIDATE_PRODUCT = YES;
			};
			name = Release;
		};
		20143679238EB43F00C11A2C /* Debug */ = {
			isa = XCBuildConfiguration;
			buildSettings = {
				ASSETCATALOG_COMPILER_APPICON_NAME = AppIcon;
				CODE_SIGN_STYLE = Automatic;
				DEVELOPMENT_TEAM = 64WAG22Y2J;
				INFOPLIST_FILE = TableViewSharkExample/Info.plist;
				LD_RUNPATH_SEARCH_PATHS = (
					"$(inherited)",
					"@executable_path/Frameworks",
				);
				PRODUCT_BUNDLE_IDENTIFIER = com.VincentGeranium.TableViewSharkExample;
				PRODUCT_NAME = "$(TARGET_NAME)";
				SWIFT_VERSION = 5.0;
				TARGETED_DEVICE_FAMILY = "1,2";
			};
			name = Debug;
		};
		2014367A238EB43F00C11A2C /* Release */ = {
			isa = XCBuildConfiguration;
			buildSettings = {
				ASSETCATALOG_COMPILER_APPICON_NAME = AppIcon;
				CODE_SIGN_STYLE = Automatic;
				DEVELOPMENT_TEAM = 64WAG22Y2J;
				INFOPLIST_FILE = TableViewSharkExample/Info.plist;
				LD_RUNPATH_SEARCH_PATHS = (
					"$(inherited)",
					"@executable_path/Frameworks",
				);
				PRODUCT_BUNDLE_IDENTIFIER = com.VincentGeranium.TableViewSharkExample;
				PRODUCT_NAME = "$(TARGET_NAME)";
				SWIFT_VERSION = 5.0;
				TARGETED_DEVICE_FAMILY = "1,2";
			};
			name = Release;
		};
/* End XCBuildConfiguration section */

/* Begin XCConfigurationList section */
		2014365F238EB43E00C11A2C /* Build configuration list for PBXProject "TableViewSharkExample" */ = {
			isa = XCConfigurationList;
			buildConfigurations = (
				20143676238EB43F00C11A2C /* Debug */,
				20143677238EB43F00C11A2C /* Release */,
			);
			defaultConfigurationIsVisible = 0;
			defaultConfigurationName = Release;
		};
		20143678238EB43F00C11A2C /* Build configuration list for PBXNativeTarget "TableViewSharkExample" */ = {
			isa = XCConfigurationList;
			buildConfigurations = (
				20143679238EB43F00C11A2C /* Debug */,
				2014367A238EB43F00C11A2C /* Release */,
			);
			defaultConfigurationIsVisible = 0;
			defaultConfigurationName = Release;
		};
/* End XCConfigurationList section */
	};
	rootObject = 2014365C238EB43E00C11A2C /* Project object */;
}
