// !$*UTF8*$!
{
	archiveVersion = 1;
	classes = {
	};
	objectVersion = 50;
	objects = {

/* Begin PBXBuildFile section */
		20C433F1230A6D650005A831 /* AppDelegate.swift in Sources */ = {isa = PBXBuildFile; fileRef = 20C433F0230A6D650005A831 /* AppDelegate.swift */; };
		20C433F8230A6D660005A831 /* Assets.xcassets in Resources */ = {isa = PBXBuildFile; fileRef = 20C433F7230A6D660005A831 /* Assets.xcassets */; };
		20C433FB230A6D660005A831 /* LaunchScreen.storyboard in Resources */ = {isa = PBXBuildFile; fileRef = 20C433F9230A6D660005A831 /* LaunchScreen.storyboard */; };
		20C43403230A6D920005A831 /* MainViewController.swift in Sources */ = {isa = PBXBuildFile; fileRef = 20C43402230A6D920005A831 /* MainViewController.swift */; };
		20C43409230A724E0005A831 /* MainView.swift in Sources */ = {isa = PBXBuildFile; fileRef = 20C43408230A724E0005A831 /* MainView.swift */; };
		20C4340B230A749C0005A831 /* ImageCard.swift in Sources */ = {isa = PBXBuildFile; fileRef = 20C4340A230A749C0005A831 /* ImageCard.swift */; };
		20C4340D230A76EE0005A831 /* CollectionViewMetric.swift in Sources */ = {isa = PBXBuildFile; fileRef = 20C4340C230A76EE0005A831 /* CollectionViewMetric.swift */; };
		20C4340F230A7B000005A831 /* MainCollectionViewCell.swift in Sources */ = {isa = PBXBuildFile; fileRef = 20C4340E230A7B000005A831 /* MainCollectionViewCell.swift */; };
/* End PBXBuildFile section */

/* Begin PBXFileReference section */
		20C433ED230A6D650005A831 /* 2019-08-19-gridStyleCollectionViewExample.app */ = {isa = PBXFileReference; explicitFileType = wrapper.application; includeInIndex = 0; path = "2019-08-19-gridStyleCollectionViewExample.app"; sourceTree = BUILT_PRODUCTS_DIR; };
		20C433F0230A6D650005A831 /* AppDelegate.swift */ = {isa = PBXFileReference; lastKnownFileType = sourcecode.swift; path = AppDelegate.swift; sourceTree = "<group>"; };
		20C433F7230A6D660005A831 /* Assets.xcassets */ = {isa = PBXFileReference; lastKnownFileType = folder.assetcatalog; path = Assets.xcassets; sourceTree = "<group>"; };
		20C433FA230A6D660005A831 /* Base */ = {isa = PBXFileReference; lastKnownFileType = file.storyboard; name = Base; path = Base.lproj/LaunchScreen.storyboard; sourceTree = "<group>"; };
		20C433FC230A6D660005A831 /* Info.plist */ = {isa = PBXFileReference; lastKnownFileType = text.plist.xml; path = Info.plist; sourceTree = "<group>"; };
		20C43402230A6D920005A831 /* MainViewController.swift */ = {isa = PBXFileReference; lastKnownFileType = sourcecode.swift; path = MainViewController.swift; sourceTree = "<group>"; };
		20C43408230A724E0005A831 /* MainView.swift */ = {isa = PBXFileReference; lastKnownFileType = sourcecode.swift; path = MainView.swift; sourceTree = "<group>"; };
		20C4340A230A749C0005A831 /* ImageCard.swift */ = {isa = PBXFileReference; lastKnownFileType = sourcecode.swift; path = ImageCard.swift; sourceTree = "<group>"; };
		20C4340C230A76EE0005A831 /* CollectionViewMetric.swift */ = {isa = PBXFileReference; lastKnownFileType = sourcecode.swift; path = CollectionViewMetric.swift; sourceTree = "<group>"; };
		20C4340E230A7B000005A831 /* MainCollectionViewCell.swift */ = {isa = PBXFileReference; lastKnownFileType = sourcecode.swift; path = MainCollectionViewCell.swift; sourceTree = "<group>"; };
/* End PBXFileReference section */

/* Begin PBXFrameworksBuildPhase section */
		20C433EA230A6D650005A831 /* Frameworks */ = {
			isa = PBXFrameworksBuildPhase;
			buildActionMask = 2147483647;
			files = (
			);
			runOnlyForDeploymentPostprocessing = 0;
		};
/* End PBXFrameworksBuildPhase section */

/* Begin PBXGroup section */
		20C433E4230A6D650005A831 = {
			isa = PBXGroup;
			children = (
				20C433EF230A6D650005A831 /* 2019-08-19-gridStyleCollectionViewExample */,
				20C433EE230A6D650005A831 /* Products */,
			);
			sourceTree = "<group>";
		};
		20C433EE230A6D650005A831 /* Products */ = {
			isa = PBXGroup;
			children = (
				20C433ED230A6D650005A831 /* 2019-08-19-gridStyleCollectionViewExample.app */,
			);
			name = Products;
			sourceTree = "<group>";
		};
		20C433EF230A6D650005A831 /* 2019-08-19-gridStyleCollectionViewExample */ = {
			isa = PBXGroup;
			children = (
				20C433F0230A6D650005A831 /* AppDelegate.swift */,
				20C433F7230A6D660005A831 /* Assets.xcassets */,
				20C433F9230A6D660005A831 /* LaunchScreen.storyboard */,
				20C433FC230A6D660005A831 /* Info.plist */,
				20C43405230A6E6F0005A831 /* Model */,
				20C43406230A6E780005A831 /* View */,
				20C43404230A6E670005A831 /* Controller */,
			);
			path = "2019-08-19-gridStyleCollectionViewExample";
			sourceTree = "<group>";
		};
		20C43404230A6E670005A831 /* Controller */ = {
			isa = PBXGroup;
			children = (
				20C43402230A6D920005A831 /* MainViewController.swift */,
			);
			path = Controller;
			sourceTree = "<group>";
		};
		20C43405230A6E6F0005A831 /* Model */ = {
			isa = PBXGroup;
			children = (
				20C4340A230A749C0005A831 /* ImageCard.swift */,
				20C4340C230A76EE0005A831 /* CollectionViewMetric.swift */,
			);
			path = Model;
			sourceTree = "<group>";
		};
		20C43406230A6E780005A831 /* View */ = {
			isa = PBXGroup;
			children = (
				20C43408230A724E0005A831 /* MainView.swift */,
				20C4340E230A7B000005A831 /* MainCollectionViewCell.swift */,
			);
			path = View;
			sourceTree = "<group>";
		};
/* End PBXGroup section */

/* Begin PBXNativeTarget section */
		20C433EC230A6D650005A831 /* 2019-08-19-gridStyleCollectionViewExample */ = {
			isa = PBXNativeTarget;
			buildConfigurationList = 20C433FF230A6D660005A831 /* Build configuration list for PBXNativeTarget "2019-08-19-gridStyleCollectionViewExample" */;
			buildPhases = (
				20C433E9230A6D650005A831 /* Sources */,
				20C433EA230A6D650005A831 /* Frameworks */,
				20C433EB230A6D650005A831 /* Resources */,
			);
			buildRules = (
			);
			dependencies = (
			);
			name = "2019-08-19-gridStyleCollectionViewExample";
			productName = "2019-08-19-gridStyleCollectionViewExample";
			productReference = 20C433ED230A6D650005A831 /* 2019-08-19-gridStyleCollectionViewExample.app */;
			productType = "com.apple.product-type.application";
		};
/* End PBXNativeTarget section */

/* Begin PBXProject section */
		20C433E5230A6D650005A831 /* Project object */ = {
			isa = PBXProject;
			attributes = {
				LastSwiftUpdateCheck = 1030;
				LastUpgradeCheck = 1030;
				ORGANIZATIONNAME = VincentGeranium;
				TargetAttributes = {
					20C433EC230A6D650005A831 = {
						CreatedOnToolsVersion = 10.3;
					};
				};
			};
			buildConfigurationList = 20C433E8230A6D650005A831 /* Build configuration list for PBXProject "2019-08-19-gridStyleCollectionViewExample" */;
			compatibilityVersion = "Xcode 9.3";
			developmentRegion = en;
			hasScannedForEncodings = 0;
			knownRegions = (
				en,
				Base,
			);
			mainGroup = 20C433E4230A6D650005A831;
			productRefGroup = 20C433EE230A6D650005A831 /* Products */;
			projectDirPath = "";
			projectRoot = "";
			targets = (
				20C433EC230A6D650005A831 /* 2019-08-19-gridStyleCollectionViewExample */,
			);
		};
/* End PBXProject section */

/* Begin PBXResourcesBuildPhase section */
		20C433EB230A6D650005A831 /* Resources */ = {
			isa = PBXResourcesBuildPhase;
			buildActionMask = 2147483647;
			files = (
				20C433FB230A6D660005A831 /* LaunchScreen.storyboard in Resources */,
				20C433F8230A6D660005A831 /* Assets.xcassets in Resources */,
			);
			runOnlyForDeploymentPostprocessing = 0;
		};
/* End PBXResourcesBuildPhase section */

/* Begin PBXSourcesBuildPhase section */
		20C433E9230A6D650005A831 /* Sources */ = {
			isa = PBXSourcesBuildPhase;
			buildActionMask = 2147483647;
			files = (
				20C433F1230A6D650005A831 /* AppDelegate.swift in Sources */,
				20C4340F230A7B000005A831 /* MainCollectionViewCell.swift in Sources */,
				20C4340D230A76EE0005A831 /* CollectionViewMetric.swift in Sources */,
				20C43409230A724E0005A831 /* MainView.swift in Sources */,
				20C43403230A6D920005A831 /* MainViewController.swift in Sources */,
				20C4340B230A749C0005A831 /* ImageCard.swift in Sources */,
			);
			runOnlyForDeploymentPostprocessing = 0;
		};
/* End PBXSourcesBuildPhase section */

/* Begin PBXVariantGroup section */
		20C433F9230A6D660005A831 /* LaunchScreen.storyboard */ = {
			isa = PBXVariantGroup;
			children = (
				20C433FA230A6D660005A831 /* Base */,
			);
			name = LaunchScreen.storyboard;
			sourceTree = "<group>";
		};
/* End PBXVariantGroup section */

/* Begin XCBuildConfiguration section */
		20C433FD230A6D660005A831 /* Debug */ = {
			isa = XCBuildConfiguration;
			buildSettings = {
				ALWAYS_SEARCH_USER_PATHS = NO;
				CLANG_ANALYZER_NONNULL = YES;
				CLANG_ANALYZER_NUMBER_OBJECT_CONVERSION = YES_AGGRESSIVE;
				CLANG_CXX_LANGUAGE_STANDARD = "gnu++14";
				CLANG_CXX_LIBRARY = "libc++";
				CLANG_ENABLE_MODULES = YES;
				CLANG_ENABLE_OBJC_ARC = YES;
				CLANG_ENABLE_OBJC_WEAK = YES;
				CLANG_WARN_BLOCK_CAPTURE_AUTORELEASING = YES;
				CLANG_WARN_BOOL_CONVERSION = YES;
				CLANG_WARN_COMMA = YES;
				CLANG_WARN_CONSTANT_CONVERSION = YES;
				CLANG_WARN_DEPRECATED_OBJC_IMPLEMENTATIONS = YES;
				CLANG_WARN_DIRECT_OBJC_ISA_USAGE = YES_ERROR;
				CLANG_WARN_DOCUMENTATION_COMMENTS = YES;
				CLANG_WARN_EMPTY_BODY = YES;
				CLANG_WARN_ENUM_CONVERSION = YES;
				CLANG_WARN_INFINITE_RECURSION = YES;
				CLANG_WARN_INT_CONVERSION = YES;
				CLANG_WARN_NON_LITERAL_NULL_CONVERSION = YES;
				CLANG_WARN_OBJC_IMPLICIT_RETAIN_SELF = YES;
				CLANG_WARN_OBJC_LITERAL_CONVERSION = YES;
				CLANG_WARN_OBJC_ROOT_CLASS = YES_ERROR;
				CLANG_WARN_RANGE_LOOP_ANALYSIS = YES;
				CLANG_WARN_STRICT_PROTOTYPES = YES;
				CLANG_WARN_SUSPICIOUS_MOVE = YES;
				CLANG_WARN_UNGUARDED_AVAILABILITY = YES_AGGRESSIVE;
				CLANG_WARN_UNREACHABLE_CODE = YES;
				CLANG_WARN__DUPLICATE_METHOD_MATCH = YES;
				CODE_SIGN_IDENTITY = "iPhone Developer";
				COPY_PHASE_STRIP = NO;
				DEBUG_INFORMATION_FORMAT = dwarf;
				ENABLE_STRICT_OBJC_MSGSEND = YES;
				ENABLE_TESTABILITY = YES;
				GCC_C_LANGUAGE_STANDARD = gnu11;
				GCC_DYNAMIC_NO_PIC = NO;
				GCC_NO_COMMON_BLOCKS = YES;
				GCC_OPTIMIZATION_LEVEL = 0;
				GCC_PREPROCESSOR_DEFINITIONS = (
					"DEBUG=1",
					"$(inherited)",
				);
				GCC_WARN_64_TO_32_BIT_CONVERSION = YES;
				GCC_WARN_ABOUT_RETURN_TYPE = YES_ERROR;
				GCC_WARN_UNDECLARED_SELECTOR = YES;
				GCC_WARN_UNINITIALIZED_AUTOS = YES_AGGRESSIVE;
				GCC_WARN_UNUSED_FUNCTION = YES;
				GCC_WARN_UNUSED_VARIABLE = YES;
				IPHONEOS_DEPLOYMENT_TARGET = 12.4;
				MTL_ENABLE_DEBUG_INFO = INCLUDE_SOURCE;
				MTL_FAST_MATH = YES;
				ONLY_ACTIVE_ARCH = YES;
				SDKROOT = iphoneos;
				SWIFT_ACTIVE_COMPILATION_CONDITIONS = DEBUG;
				SWIFT_OPTIMIZATION_LEVEL = "-Onone";
			};
			name = Debug;
		};
		20C433FE230A6D660005A831 /* Release */ = {
			isa = XCBuildConfiguration;
			buildSettings = {
				ALWAYS_SEARCH_USER_PATHS = NO;
				CLANG_ANALYZER_NONNULL = YES;
				CLANG_ANALYZER_NUMBER_OBJECT_CONVERSION = YES_AGGRESSIVE;
				CLANG_CXX_LANGUAGE_STANDARD = "gnu++14";
				CLANG_CXX_LIBRARY = "libc++";
				CLANG_ENABLE_MODULES = YES;
				CLANG_ENABLE_OBJC_ARC = YES;
				CLANG_ENABLE_OBJC_WEAK = YES;
				CLANG_WARN_BLOCK_CAPTURE_AUTORELEASING = YES;
				CLANG_WARN_BOOL_CONVERSION = YES;
				CLANG_WARN_COMMA = YES;
				CLANG_WARN_CONSTANT_CONVERSION = YES;
				CLANG_WARN_DEPRECATED_OBJC_IMPLEMENTATIONS = YES;
				CLANG_WARN_DIRECT_OBJC_ISA_USAGE = YES_ERROR;
				CLANG_WARN_DOCUMENTATION_COMMENTS = YES;
				CLANG_WARN_EMPTY_BODY = YES;
				CLANG_WARN_ENUM_CONVERSION = YES;
				CLANG_WARN_INFINITE_RECURSION = YES;
				CLANG_WARN_INT_CONVERSION = YES;
				CLANG_WARN_NON_LITERAL_NULL_CONVERSION = YES;
				CLANG_WARN_OBJC_IMPLICIT_RETAIN_SELF = YES;
				CLANG_WARN_OBJC_LITERAL_CONVERSION = YES;
				CLANG_WARN_OBJC_ROOT_CLASS = YES_ERROR;
				CLANG_WARN_RANGE_LOOP_ANALYSIS = YES;
				CLANG_WARN_STRICT_PROTOTYPES = YES;
				CLANG_WARN_SUSPICIOUS_MOVE = YES;
				CLANG_WARN_UNGUARDED_AVAILABILITY = YES_AGGRESSIVE;
				CLANG_WARN_UNREACHABLE_CODE = YES;
				CLANG_WARN__DUPLICATE_METHOD_MATCH = YES;
				CODE_SIGN_IDENTITY = "iPhone Developer";
				COPY_PHASE_STRIP = NO;
				DEBUG_INFORMATION_FORMAT = "dwarf-with-dsym";
				ENABLE_NS_ASSERTIONS = NO;
				ENABLE_STRICT_OBJC_MSGSEND = YES;
				GCC_C_LANGUAGE_STANDARD = gnu11;
				GCC_NO_COMMON_BLOCKS = YES;
				GCC_WARN_64_TO_32_BIT_CONVERSION = YES;
				GCC_WARN_ABOUT_RETURN_TYPE = YES_ERROR;
				GCC_WARN_UNDECLARED_SELECTOR = YES;
				GCC_WARN_UNINITIALIZED_AUTOS = YES_AGGRESSIVE;
				GCC_WARN_UNUSED_FUNCTION = YES;
				GCC_WARN_UNUSED_VARIABLE = YES;
				IPHONEOS_DEPLOYMENT_TARGET = 12.4;
				MTL_ENABLE_DEBUG_INFO = NO;
				MTL_FAST_MATH = YES;
				SDKROOT = iphoneos;
				SWIFT_COMPILATION_MODE = wholemodule;
				SWIFT_OPTIMIZATION_LEVEL = "-O";
				VALIDATE_PRODUCT = YES;
			};
			name = Release;
		};
		20C43400230A6D660005A831 /* Debug */ = {
			isa = XCBuildConfiguration;
			buildSettings = {
				ASSETCATALOG_COMPILER_APPICON_NAME = AppIcon;
				CODE_SIGN_STYLE = Automatic;
				INFOPLIST_FILE = "2019-08-19-gridStyleCollectionViewExample/Info.plist";
				LD_RUNPATH_SEARCH_PATHS = (
					"$(inherited)",
					"@executable_path/Frameworks",
				);
				PRODUCT_BUNDLE_IDENTIFIER = "com.VincentGeranium.-019-08-19-gridStyleCollectionViewExample";
				PRODUCT_NAME = "$(TARGET_NAME)";
				SWIFT_VERSION = 5.0;
				TARGETED_DEVICE_FAMILY = "1,2";
			};
			name = Debug;
		};
		20C43401230A6D660005A831 /* Release */ = {
			isa = XCBuildConfiguration;
			buildSettings = {
				ASSETCATALOG_COMPILER_APPICON_NAME = AppIcon;
				CODE_SIGN_STYLE = Automatic;
				INFOPLIST_FILE = "2019-08-19-gridStyleCollectionViewExample/Info.plist";
				LD_RUNPATH_SEARCH_PATHS = (
					"$(inherited)",
					"@executable_path/Frameworks",
				);
				PRODUCT_BUNDLE_IDENTIFIER = "com.VincentGeranium.-019-08-19-gridStyleCollectionViewExample";
				PRODUCT_NAME = "$(TARGET_NAME)";
				SWIFT_VERSION = 5.0;
				TARGETED_DEVICE_FAMILY = "1,2";
			};
			name = Release;
		};
/* End XCBuildConfiguration section */

/* Begin XCConfigurationList section */
		20C433E8230A6D650005A831 /* Build configuration list for PBXProject "2019-08-19-gridStyleCollectionViewExample" */ = {
			isa = XCConfigurationList;
			buildConfigurations = (
				20C433FD230A6D660005A831 /* Debug */,
				20C433FE230A6D660005A831 /* Release */,
			);
			defaultConfigurationIsVisible = 0;
			defaultConfigurationName = Release;
		};
		20C433FF230A6D660005A831 /* Build configuration list for PBXNativeTarget "2019-08-19-gridStyleCollectionViewExample" */ = {
			isa = XCConfigurationList;
			buildConfigurations = (
				20C43400230A6D660005A831 /* Debug */,
				20C43401230A6D660005A831 /* Release */,
			);
			defaultConfigurationIsVisible = 0;
			defaultConfigurationName = Release;
		};
/* End XCConfigurationList section */
	};
	rootObject = 20C433E5230A6D650005A831 /* Project object */;
}
