// !$*UTF8*$!
{
	archiveVersion = 1;
	classes = {
	};
	objectVersion = 50;
	objects = {

/* Begin PBXBuildFile section */
		20384ED9230865BE00386FE9 /* AppDelegate.swift in Sources */ = {isa = PBXBuildFile; fileRef = 20384ED8230865BE00386FE9 /* AppDelegate.swift */; };
		20384EDE230865BE00386FE9 /* Main.storyboard in Resources */ = {isa = PBXBuildFile; fileRef = 20384EDC230865BE00386FE9 /* Main.storyboard */; };
		20384EE0230865BF00386FE9 /* Assets.xcassets in Resources */ = {isa = PBXBuildFile; fileRef = 20384EDF230865BF00386FE9 /* Assets.xcassets */; };
		20384EE3230865BF00386FE9 /* LaunchScreen.storyboard in Resources */ = {isa = PBXBuildFile; fileRef = 20384EE1230865BF00386FE9 /* LaunchScreen.storyboard */; };
		20384EEB2308660E00386FE9 /* MainViewController.swift in Sources */ = {isa = PBXBuildFile; fileRef = 20384EEA2308660E00386FE9 /* MainViewController.swift */; };
		20384EED23086C9800386FE9 /* ConfirmViewController.swift in Sources */ = {isa = PBXBuildFile; fileRef = 20384EEC23086C9800386FE9 /* ConfirmViewController.swift */; };
/* End PBXBuildFile section */

/* Begin PBXFileReference section */
		20384ED5230865BE00386FE9 /* 2019-08-18-userDefaultExample.app */ = {isa = PBXFileReference; explicitFileType = wrapper.application; includeInIndex = 0; path = "2019-08-18-userDefaultExample.app"; sourceTree = BUILT_PRODUCTS_DIR; };
		20384ED8230865BE00386FE9 /* AppDelegate.swift */ = {isa = PBXFileReference; lastKnownFileType = sourcecode.swift; path = AppDelegate.swift; sourceTree = "<group>"; };
		20384EDD230865BE00386FE9 /* Base */ = {isa = PBXFileReference; lastKnownFileType = file.storyboard; name = Base; path = Base.lproj/Main.storyboard; sourceTree = "<group>"; };
		20384EDF230865BF00386FE9 /* Assets.xcassets */ = {isa = PBXFileReference; lastKnownFileType = folder.assetcatalog; path = Assets.xcassets; sourceTree = "<group>"; };
		20384EE2230865BF00386FE9 /* Base */ = {isa = PBXFileReference; lastKnownFileType = file.storyboard; name = Base; path = Base.lproj/LaunchScreen.storyboard; sourceTree = "<group>"; };
		20384EE4230865BF00386FE9 /* Info.plist */ = {isa = PBXFileReference; lastKnownFileType = text.plist.xml; path = Info.plist; sourceTree = "<group>"; };
		20384EEA2308660E00386FE9 /* MainViewController.swift */ = {isa = PBXFileReference; lastKnownFileType = sourcecode.swift; path = MainViewController.swift; sourceTree = "<group>"; };
		20384EEC23086C9800386FE9 /* ConfirmViewController.swift */ = {isa = PBXFileReference; lastKnownFileType = sourcecode.swift; path = ConfirmViewController.swift; sourceTree = "<group>"; };
/* End PBXFileReference section */

/* Begin PBXFrameworksBuildPhase section */
		20384ED2230865BE00386FE9 /* Frameworks */ = {
			isa = PBXFrameworksBuildPhase;
			buildActionMask = 2147483647;
			files = (
			);
			runOnlyForDeploymentPostprocessing = 0;
		};
/* End PBXFrameworksBuildPhase section */

/* Begin PBXGroup section */
		20384ECC230865BE00386FE9 = {
			isa = PBXGroup;
			children = (
				20384ED7230865BE00386FE9 /* 2019-08-18-userDefaultExample */,
				20384ED6230865BE00386FE9 /* Products */,
			);
			sourceTree = "<group>";
		};
		20384ED6230865BE00386FE9 /* Products */ = {
			isa = PBXGroup;
			children = (
				20384ED5230865BE00386FE9 /* 2019-08-18-userDefaultExample.app */,
			);
			name = Products;
			sourceTree = "<group>";
		};
		20384ED7230865BE00386FE9 /* 2019-08-18-userDefaultExample */ = {
			isa = PBXGroup;
			children = (
				20384ED8230865BE00386FE9 /* AppDelegate.swift */,
				20384EEA2308660E00386FE9 /* MainViewController.swift */,
				20384EEC23086C9800386FE9 /* ConfirmViewController.swift */,
				20384EDC230865BE00386FE9 /* Main.storyboard */,
				20384EDF230865BF00386FE9 /* Assets.xcassets */,
				20384EE1230865BF00386FE9 /* LaunchScreen.storyboard */,
				20384EE4230865BF00386FE9 /* Info.plist */,
			);
			path = "2019-08-18-userDefaultExample";
			sourceTree = "<group>";
		};
/* End PBXGroup section */

/* Begin PBXNativeTarget section */
		20384ED4230865BE00386FE9 /* 2019-08-18-userDefaultExample */ = {
			isa = PBXNativeTarget;
			buildConfigurationList = 20384EE7230865BF00386FE9 /* Build configuration list for PBXNativeTarget "2019-08-18-userDefaultExample" */;
			buildPhases = (
				20384ED1230865BE00386FE9 /* Sources */,
				20384ED2230865BE00386FE9 /* Frameworks */,
				20384ED3230865BE00386FE9 /* Resources */,
			);
			buildRules = (
			);
			dependencies = (
			);
			name = "2019-08-18-userDefaultExample";
			productName = "2019-08-18-userDefaultExample";
			productReference = 20384ED5230865BE00386FE9 /* 2019-08-18-userDefaultExample.app */;
			productType = "com.apple.product-type.application";
		};
/* End PBXNativeTarget section */

/* Begin PBXProject section */
		20384ECD230865BE00386FE9 /* Project object */ = {
			isa = PBXProject;
			attributes = {
				LastSwiftUpdateCheck = 1030;
				LastUpgradeCheck = 1030;
				ORGANIZATIONNAME = VincentGeranium;
				TargetAttributes = {
					20384ED4230865BE00386FE9 = {
						CreatedOnToolsVersion = 10.3;
					};
				};
			};
			buildConfigurationList = 20384ED0230865BE00386FE9 /* Build configuration list for PBXProject "2019-08-18-userDefaultExample" */;
			compatibilityVersion = "Xcode 9.3";
			developmentRegion = en;
			hasScannedForEncodings = 0;
			knownRegions = (
				en,
				Base,
			);
			mainGroup = 20384ECC230865BE00386FE9;
			productRefGroup = 20384ED6230865BE00386FE9 /* Products */;
			projectDirPath = "";
			projectRoot = "";
			targets = (
				20384ED4230865BE00386FE9 /* 2019-08-18-userDefaultExample */,
			);
		};
/* End PBXProject section */

/* Begin PBXResourcesBuildPhase section */
		20384ED3230865BE00386FE9 /* Resources */ = {
			isa = PBXResourcesBuildPhase;
			buildActionMask = 2147483647;
			files = (
				20384EE3230865BF00386FE9 /* LaunchScreen.storyboard in Resources */,
				20384EE0230865BF00386FE9 /* Assets.xcassets in Resources */,
				20384EDE230865BE00386FE9 /* Main.storyboard in Resources */,
			);
			runOnlyForDeploymentPostprocessing = 0;
		};
/* End PBXResourcesBuildPhase section */

/* Begin PBXSourcesBuildPhase section */
		20384ED1230865BE00386FE9 /* Sources */ = {
			isa = PBXSourcesBuildPhase;
			buildActionMask = 2147483647;
			files = (
				20384EED23086C9800386FE9 /* ConfirmViewController.swift in Sources */,
				20384ED9230865BE00386FE9 /* AppDelegate.swift in Sources */,
				20384EEB2308660E00386FE9 /* MainViewController.swift in Sources */,
			);
			runOnlyForDeploymentPostprocessing = 0;
		};
/* End PBXSourcesBuildPhase section */

/* Begin PBXVariantGroup section */
		20384EDC230865BE00386FE9 /* Main.storyboard */ = {
			isa = PBXVariantGroup;
			children = (
				20384EDD230865BE00386FE9 /* Base */,
			);
			name = Main.storyboard;
			sourceTree = "<group>";
		};
		20384EE1230865BF00386FE9 /* LaunchScreen.storyboard */ = {
			isa = PBXVariantGroup;
			children = (
				20384EE2230865BF00386FE9 /* Base */,
			);
			name = LaunchScreen.storyboard;
			sourceTree = "<group>";
		};
/* End PBXVariantGroup section */

/* Begin XCBuildConfiguration section */
		20384EE5230865BF00386FE9 /* Debug */ = {
			isa = XCBuildConfiguration;
			buildSettings = {
				ALWAYS_SEARCH_USER_PATHS = NO;
				CLANG_ANALYZER_NONNULL = YES;
				CLANG_ANALYZER_NUMBER_OBJECT_CONVERSION = YES_AGGRESSIVE;
				CLANG_CXX_LANGUAGE_STANDARD = "gnu++14";
				CLANG_CXX_LIBRARY = "libc++";
				CLANG_ENABLE_MODULES = YES;
				CLANG_ENABLE_OBJC_ARC = YES;
				CLANG_ENABLE_OBJC_WEAK = YES;
				CLANG_WARN_BLOCK_CAPTURE_AUTORELEASING = YES;
				CLANG_WARN_BOOL_CONVERSION = YES;
				CLANG_WARN_COMMA = YES;
				CLANG_WARN_CONSTANT_CONVERSION = YES;
				CLANG_WARN_DEPRECATED_OBJC_IMPLEMENTATIONS = YES;
				CLANG_WARN_DIRECT_OBJC_ISA_USAGE = YES_ERROR;
				CLANG_WARN_DOCUMENTATION_COMMENTS = YES;
				CLANG_WARN_EMPTY_BODY = YES;
				CLANG_WARN_ENUM_CONVERSION = YES;
				CLANG_WARN_INFINITE_RECURSION = YES;
				CLANG_WARN_INT_CONVERSION = YES;
				CLANG_WARN_NON_LITERAL_NULL_CONVERSION = YES;
				CLANG_WARN_OBJC_IMPLICIT_RETAIN_SELF = YES;
				CLANG_WARN_OBJC_LITERAL_CONVERSION = YES;
				CLANG_WARN_OBJC_ROOT_CLASS = YES_ERROR;
				CLANG_WARN_RANGE_LOOP_ANALYSIS = YES;
				CLANG_WARN_STRICT_PROTOTYPES = YES;
				CLANG_WARN_SUSPICIOUS_MOVE = YES;
				CLANG_WARN_UNGUARDED_AVAILABILITY = YES_AGGRESSIVE;
				CLANG_WARN_UNREACHABLE_CODE = YES;
				CLANG_WARN__DUPLICATE_METHOD_MATCH = YES;
				CODE_SIGN_IDENTITY = "iPhone Developer";
				COPY_PHASE_STRIP = NO;
				DEBUG_INFORMATION_FORMAT = dwarf;
				ENABLE_STRICT_OBJC_MSGSEND = YES;
				ENABLE_TESTABILITY = YES;
				GCC_C_LANGUAGE_STANDARD = gnu11;
				GCC_DYNAMIC_NO_PIC = NO;
				GCC_NO_COMMON_BLOCKS = YES;
				GCC_OPTIMIZATION_LEVEL = 0;
				GCC_PREPROCESSOR_DEFINITIONS = (
					"DEBUG=1",
					"$(inherited)",
				);
				GCC_WARN_64_TO_32_BIT_CONVERSION = YES;
				GCC_WARN_ABOUT_RETURN_TYPE = YES_ERROR;
				GCC_WARN_UNDECLARED_SELECTOR = YES;
				GCC_WARN_UNINITIALIZED_AUTOS = YES_AGGRESSIVE;
				GCC_WARN_UNUSED_FUNCTION = YES;
				GCC_WARN_UNUSED_VARIABLE = YES;
				IPHONEOS_DEPLOYMENT_TARGET = 12.4;
				MTL_ENABLE_DEBUG_INFO = INCLUDE_SOURCE;
				MTL_FAST_MATH = YES;
				ONLY_ACTIVE_ARCH = YES;
				SDKROOT = iphoneos;
				SWIFT_ACTIVE_COMPILATION_CONDITIONS = DEBUG;
				SWIFT_OPTIMIZATION_LEVEL = "-Onone";
			};
			name = Debug;
		};
		20384EE6230865BF00386FE9 /* Release */ = {
			isa = XCBuildConfiguration;
			buildSettings = {
				ALWAYS_SEARCH_USER_PATHS = NO;
				CLANG_ANALYZER_NONNULL = YES;
				CLANG_ANALYZER_NUMBER_OBJECT_CONVERSION = YES_AGGRESSIVE;
				CLANG_CXX_LANGUAGE_STANDARD = "gnu++14";
				CLANG_CXX_LIBRARY = "libc++";
				CLANG_ENABLE_MODULES = YES;
				CLANG_ENABLE_OBJC_ARC = YES;
				CLANG_ENABLE_OBJC_WEAK = YES;
				CLANG_WARN_BLOCK_CAPTURE_AUTORELEASING = YES;
				CLANG_WARN_BOOL_CONVERSION = YES;
				CLANG_WARN_COMMA = YES;
				CLANG_WARN_CONSTANT_CONVERSION = YES;
				CLANG_WARN_DEPRECATED_OBJC_IMPLEMENTATIONS = YES;
				CLANG_WARN_DIRECT_OBJC_ISA_USAGE = YES_ERROR;
				CLANG_WARN_DOCUMENTATION_COMMENTS = YES;
				CLANG_WARN_EMPTY_BODY = YES;
				CLANG_WARN_ENUM_CONVERSION = YES;
				CLANG_WARN_INFINITE_RECURSION = YES;
				CLANG_WARN_INT_CONVERSION = YES;
				CLANG_WARN_NON_LITERAL_NULL_CONVERSION = YES;
				CLANG_WARN_OBJC_IMPLICIT_RETAIN_SELF = YES;
				CLANG_WARN_OBJC_LITERAL_CONVERSION = YES;
				CLANG_WARN_OBJC_ROOT_CLASS = YES_ERROR;
				CLANG_WARN_RANGE_LOOP_ANALYSIS = YES;
				CLANG_WARN_STRICT_PROTOTYPES = YES;
				CLANG_WARN_SUSPICIOUS_MOVE = YES;
				CLANG_WARN_UNGUARDED_AVAILABILITY = YES_AGGRESSIVE;
				CLANG_WARN_UNREACHABLE_CODE = YES;
				CLANG_WARN__DUPLICATE_METHOD_MATCH = YES;
				CODE_SIGN_IDENTITY = "iPhone Developer";
				COPY_PHASE_STRIP = NO;
				DEBUG_INFORMATION_FORMAT = "dwarf-with-dsym";
				ENABLE_NS_ASSERTIONS = NO;
				ENABLE_STRICT_OBJC_MSGSEND = YES;
				GCC_C_LANGUAGE_STANDARD = gnu11;
				GCC_NO_COMMON_BLOCKS = YES;
				GCC_WARN_64_TO_32_BIT_CONVERSION = YES;
				GCC_WARN_ABOUT_RETURN_TYPE = YES_ERROR;
				GCC_WARN_UNDECLARED_SELECTOR = YES;
				GCC_WARN_UNINITIALIZED_AUTOS = YES_AGGRESSIVE;
				GCC_WARN_UNUSED_FUNCTION = YES;
				GCC_WARN_UNUSED_VARIABLE = YES;
				IPHONEOS_DEPLOYMENT_TARGET = 12.4;
				MTL_ENABLE_DEBUG_INFO = NO;
				MTL_FAST_MATH = YES;
				SDKROOT = iphoneos;
				SWIFT_COMPILATION_MODE = wholemodule;
				SWIFT_OPTIMIZATION_LEVEL = "-O";
				VALIDATE_PRODUCT = YES;
			};
			name = Release;
		};
		20384EE8230865BF00386FE9 /* Debug */ = {
			isa = XCBuildConfiguration;
			buildSettings = {
				ASSETCATALOG_COMPILER_APPICON_NAME = AppIcon;
				CODE_SIGN_STYLE = Automatic;
				INFOPLIST_FILE = "2019-08-18-userDefaultExample/Info.plist";
				LD_RUNPATH_SEARCH_PATHS = (
					"$(inherited)",
					"@executable_path/Frameworks",
				);
				PRODUCT_BUNDLE_IDENTIFIER = "com.VincentGeranium.-019-08-18-userDefaultExample";
				PRODUCT_NAME = "$(TARGET_NAME)";
				SWIFT_VERSION = 5.0;
				TARGETED_DEVICE_FAMILY = "1,2";
			};
			name = Debug;
		};
		20384EE9230865BF00386FE9 /* Release */ = {
			isa = XCBuildConfiguration;
			buildSettings = {
				ASSETCATALOG_COMPILER_APPICON_NAME = AppIcon;
				CODE_SIGN_STYLE = Automatic;
				INFOPLIST_FILE = "2019-08-18-userDefaultExample/Info.plist";
				LD_RUNPATH_SEARCH_PATHS = (
					"$(inherited)",
					"@executable_path/Frameworks",
				);
				PRODUCT_BUNDLE_IDENTIFIER = "com.VincentGeranium.-019-08-18-userDefaultExample";
				PRODUCT_NAME = "$(TARGET_NAME)";
				SWIFT_VERSION = 5.0;
				TARGETED_DEVICE_FAMILY = "1,2";
			};
			name = Release;
		};
/* End XCBuildConfiguration section */

/* Begin XCConfigurationList section */
		20384ED0230865BE00386FE9 /* Build configuration list for PBXProject "2019-08-18-userDefaultExample" */ = {
			isa = XCConfigurationList;
			buildConfigurations = (
				20384EE5230865BF00386FE9 /* Debug */,
				20384EE6230865BF00386FE9 /* Release */,
			);
			defaultConfigurationIsVisible = 0;
			defaultConfigurationName = Release;
		};
		20384EE7230865BF00386FE9 /* Build configuration list for PBXNativeTarget "2019-08-18-userDefaultExample" */ = {
			isa = XCConfigurationList;
			buildConfigurations = (
				20384EE8230865BF00386FE9 /* Debug */,
				20384EE9230865BF00386FE9 /* Release */,
			);
			defaultConfigurationIsVisible = 0;
			defaultConfigurationName = Release;
		};
/* End XCConfigurationList section */
	};
	rootObject = 20384ECD230865BE00386FE9 /* Project object */;
}
